
Microsoft Visual Studio Solution File, Format Version 12.00
# Visual Studio 2012
Project("{8BC9CEB8-8B4A-11D0-8D11-00A0C91BC942}") = "canopenlib64.dll", "..\..\visual_studio\canopenlib32_dll\canopen_stack_VS2012_x64.vcxproj", "{9EDCD498-21A1-4960-AE0E-C2E445DDC395}"
	ProjectSection(ProjectDependencies) = postProject
		{87506536-AB5E-4D66-8288-2961FCECF3B8} = {87506536-AB5E-4D66-8288-2961FCECF3B8}
		{3594293E-C143-4BAB-BB42-D8E09D0830FF} = {3594293E-C143-4BAB-BB42-D8E09D0830FF}
	EndProjectSection
EndProject
Project("{8BC9CEB8-8B4A-11D0-8D11-00A0C91BC942}") = "canopenlib64_NET.dll (C++ to C Sharp wrapper)", "..\..\visual_studio\canopenlib32_NET_dll\canopenlib64_NET_VS2012.vcxproj", "{54DDACC0-E19B-41D4-8235-6DA310F4D670}"
	ProjectSection(ProjectDependencies) = postProject
		{87506536-AB5E-4D66-8288-2961FCECF3B8} = {87506536-AB5E-4D66-8288-2961FCECF3B8}
		{3594293E-C143-4BAB-BB42-D8E09D0830FF} = {3594293E-C143-4BAB-BB42-D8E09D0830FF}
		{9EDCD498-21A1-4960-AE0E-C2E445DDC395} = {9EDCD498-21A1-4960-AE0E-C2E445DDC395}
	EndProjectSection
EndProject
Project("{8BC9CEB8-8B4A-11D0-8D11-00A0C91BC942}") = "canopenlib64_hw.dll (KVASER CANlib)", "..\..\visual_studio\plug_in_canlib32\canopenlib64_hw_VS2012.vcxproj", "{87506536-AB5E-4D66-8288-2961FCECF3B8}"
EndProject
Project("{8BC9CEB8-8B4A-11D0-8D11-00A0C91BC942}") = "Test_application_1 (CPP console)", "..\..\visual_studio\canopen_console_test_CPP\console_test_cpp_VS2012_x64.vcxproj", "{FF417857-733A-49CD-84F8-8A7568897CDC}"
	ProjectSection(ProjectDependencies) = postProject
		{87506536-AB5E-4D66-8288-2961FCECF3B8} = {87506536-AB5E-4D66-8288-2961FCECF3B8}
		{9EDCD498-21A1-4960-AE0E-C2E445DDC395} = {9EDCD498-21A1-4960-AE0E-C2E445DDC395}
	EndProjectSection
EndProject
Project("{FAE04EC0-301F-11D3-BF4B-00C04F79EFBC}") = "WINDOWS DEMO APPLICATION (.NET)_x64", "..\..\visual_studio\canopen_gui_test_NET\WINDOWS DEMO APPLICATION (.NET)_x64.csproj", "{275CE4F0-21BE-4D5C-BC6D-7C1412258B25}"
EndProject
Project("{FAE04EC0-301F-11D3-BF4B-00C04F79EFBC}") = "Test_application_2_x64 (CSharp console)", "..\..\visual_studio\canopen_console_test_NET\Test_application_2_x64 (CSharp console).csproj", "{A1A98567-6FD8-4AE2-AEF1-84B4AEA49A89}"
EndProject
Project("{8BC9CEB8-8B4A-11D0-8D11-00A0C91BC942}") = "canopenlib64_hw.dll (PEAK PCANBasic)", "..\..\visual_studio\plug_in_peak\canopenlib64_hw_peak_VS2012.vcxproj", "{3594293E-C143-4BAB-BB42-D8E09D0830FF}"
EndProject
Project("{8BC9CEB8-8B4A-11D0-8D11-00A0C91BC942}") = "canopenlib64_hw.dll (IXXAT)", "..\..\visual_studio\plug_in_ixxat\canopenlib64_hw_ixxat_can_VS2012.vcxproj", "{95BAA5BA-4E99-41EB-8206-707420AE192B}"
EndProject
Global
	GlobalSection(SolutionConfigurationPlatforms) = preSolution
		Debug (IXXAT)|Mixed Platforms = Debug (IXXAT)|Mixed Platforms
		Debug (IXXAT)|Win32 = Debug (IXXAT)|Win32
		Debug (IXXAT)|x64 = Debug (IXXAT)|x64
		Debug (IXXAT)|x86 = Debug (IXXAT)|x86
		Debug (KVASER CANlib)|Mixed Platforms = Debug (KVASER CANlib)|Mixed Platforms
		Debug (KVASER CANlib)|Win32 = Debug (KVASER CANlib)|Win32
		Debug (KVASER CANlib)|x64 = Debug (KVASER CANlib)|x64
		Debug (KVASER CANlib)|x86 = Debug (KVASER CANlib)|x86
		Debug (PEAK PCANBasic)|Mixed Platforms = Debug (PEAK PCANBasic)|Mixed Platforms
		Debug (PEAK PCANBasic)|Win32 = Debug (PEAK PCANBasic)|Win32
		Debug (PEAK PCANBasic)|x64 = Debug (PEAK PCANBasic)|x64
		Debug (PEAK PCANBasic)|x86 = Debug (PEAK PCANBasic)|x86
		Release (IXXAT)|Mixed Platforms = Release (IXXAT)|Mixed Platforms
		Release (IXXAT)|Win32 = Release (IXXAT)|Win32
		Release (IXXAT)|x64 = Release (IXXAT)|x64
		Release (IXXAT)|x86 = Release (IXXAT)|x86
		Release (KVASER CANlib)|Mixed Platforms = Release (KVASER CANlib)|Mixed Platforms
		Release (KVASER CANlib)|Win32 = Release (KVASER CANlib)|Win32
		Release (KVASER CANlib)|x64 = Release (KVASER CANlib)|x64
		Release (KVASER CANlib)|x86 = Release (KVASER CANlib)|x86
		Release (PEAK PCANBasic)|Mixed Platforms = Release (PEAK PCANBasic)|Mixed Platforms
		Release (PEAK PCANBasic)|Win32 = Release (PEAK PCANBasic)|Win32
		Release (PEAK PCANBasic)|x64 = Release (PEAK PCANBasic)|x64
		Release (PEAK PCANBasic)|x86 = Release (PEAK PCANBasic)|x86
	EndGlobalSection
	GlobalSection(ProjectConfigurationPlatforms) = postSolution
		{9EDCD498-21A1-4960-AE0E-C2E445DDC395}.Debug (IXXAT)|Mixed Platforms.ActiveCfg = Debug|x64
		{9EDCD498-21A1-4960-AE0E-C2E445DDC395}.Debug (IXXAT)|Mixed Platforms.Build.0 = Debug|x64
		{9EDCD498-21A1-4960-AE0E-C2E445DDC395}.Debug (IXXAT)|Win32.ActiveCfg = Debug|x64
		{9EDCD498-21A1-4960-AE0E-C2E445DDC395}.Debug (IXXAT)|x64.ActiveCfg = Debug|x64
		{9EDCD498-21A1-4960-AE0E-C2E445DDC395}.Debug (IXXAT)|x64.Build.0 = Debug|x64
		{9EDCD498-21A1-4960-AE0E-C2E445DDC395}.Debug (IXXAT)|x86.ActiveCfg = Debug|x64
		{9EDCD498-21A1-4960-AE0E-C2E445DDC395}.Debug (KVASER CANlib)|Mixed Platforms.ActiveCfg = Debug|x64
		{9EDCD498-21A1-4960-AE0E-C2E445DDC395}.Debug (KVASER CANlib)|Mixed Platforms.Build.0 = Debug|x64
		{9EDCD498-21A1-4960-AE0E-C2E445DDC395}.Debug (KVASER CANlib)|Win32.ActiveCfg = Debug|x64
		{9EDCD498-21A1-4960-AE0E-C2E445DDC395}.Debug (KVASER CANlib)|x64.ActiveCfg = Debug|x64
		{9EDCD498-21A1-4960-AE0E-C2E445DDC395}.Debug (KVASER CANlib)|x86.ActiveCfg = Debug|x64
		{9EDCD498-21A1-4960-AE0E-C2E445DDC395}.Debug (PEAK PCANBasic)|Mixed Platforms.ActiveCfg = Debug|x64
		{9EDCD498-21A1-4960-AE0E-C2E445DDC395}.Debug (PEAK PCANBasic)|Mixed Platforms.Build.0 = Debug|x64
		{9EDCD498-21A1-4960-AE0E-C2E445DDC395}.Debug (PEAK PCANBasic)|Win32.ActiveCfg = Debug|x64
		{9EDCD498-21A1-4960-AE0E-C2E445DDC395}.Debug (PEAK PCANBasic)|x64.ActiveCfg = Debug|x64
		{9EDCD498-21A1-4960-AE0E-C2E445DDC395}.Debug (PEAK PCANBasic)|x64.Build.0 = Debug|x64
		{9EDCD498-21A1-4960-AE0E-C2E445DDC395}.Debug (PEAK PCANBasic)|x86.ActiveCfg = Debug|x64
		{9EDCD498-21A1-4960-AE0E-C2E445DDC395}.Release (IXXAT)|Mixed Platforms.ActiveCfg = Release|x64
		{9EDCD498-21A1-4960-AE0E-C2E445DDC395}.Release (IXXAT)|Mixed Platforms.Build.0 = Release|x64
		{9EDCD498-21A1-4960-AE0E-C2E445DDC395}.Release (IXXAT)|Win32.ActiveCfg = Release|x64
		{9EDCD498-21A1-4960-AE0E-C2E445DDC395}.Release (IXXAT)|x64.ActiveCfg = Release|x64
		{9EDCD498-21A1-4960-AE0E-C2E445DDC395}.Release (IXXAT)|x64.Build.0 = Release|x64
		{9EDCD498-21A1-4960-AE0E-C2E445DDC395}.Release (IXXAT)|x86.ActiveCfg = Release|x64
		{9EDCD498-21A1-4960-AE0E-C2E445DDC395}.Release (KVASER CANlib)|Mixed Platforms.ActiveCfg = Release|x64
		{9EDCD498-21A1-4960-AE0E-C2E445DDC395}.Release (KVASER CANlib)|Mixed Platforms.Build.0 = Release|x64
		{9EDCD498-21A1-4960-AE0E-C2E445DDC395}.Release (KVASER CANlib)|Win32.ActiveCfg = Release|x64
		{9EDCD498-21A1-4960-AE0E-C2E445DDC395}.Release (KVASER CANlib)|x64.ActiveCfg = Release|x64
		{9EDCD498-21A1-4960-AE0E-C2E445DDC395}.Release (KVASER CANlib)|x86.ActiveCfg = Release|x64
		{9EDCD498-21A1-4960-AE0E-C2E445DDC395}.Release (PEAK PCANBasic)|Mixed Platforms.ActiveCfg = Release|x64
		{9EDCD498-21A1-4960-AE0E-C2E445DDC395}.Release (PEAK PCANBasic)|Mixed Platforms.Build.0 = Release|x64
		{9EDCD498-21A1-4960-AE0E-C2E445DDC395}.Release (PEAK PCANBasic)|Win32.ActiveCfg = Release|x64
		{9EDCD498-21A1-4960-AE0E-C2E445DDC395}.Release (PEAK PCANBasic)|x64.ActiveCfg = Release|x64
		{9EDCD498-21A1-4960-AE0E-C2E445DDC395}.Release (PEAK PCANBasic)|x64.Build.0 = Release|x64
		{9EDCD498-21A1-4960-AE0E-C2E445DDC395}.Release (PEAK PCANBasic)|x86.ActiveCfg = Release|x64
		{54DDACC0-E19B-41D4-8235-6DA310F4D670}.Debug (IXXAT)|Mixed Platforms.ActiveCfg = Debug|x64
		{54DDACC0-E19B-41D4-8235-6DA310F4D670}.Debug (IXXAT)|Mixed Platforms.Build.0 = Debug|x64
		{54DDACC0-E19B-41D4-8235-6DA310F4D670}.Debug (IXXAT)|Win32.ActiveCfg = Debug|x64
		{54DDACC0-E19B-41D4-8235-6DA310F4D670}.Debug (IXXAT)|x64.ActiveCfg = Debug|x64
		{54DDACC0-E19B-41D4-8235-6DA310F4D670}.Debug (IXXAT)|x64.Build.0 = Debug|x64
		{54DDACC0-E19B-41D4-8235-6DA310F4D670}.Debug (IXXAT)|x86.ActiveCfg = Debug|x64
		{54DDACC0-E19B-41D4-8235-6DA310F4D670}.Debug (KVASER CANlib)|Mixed Platforms.ActiveCfg = Debug|x64
		{54DDACC0-E19B-41D4-8235-6DA310F4D670}.Debug (KVASER CANlib)|Mixed Platforms.Build.0 = Debug|x64
		{54DDACC0-E19B-41D4-8235-6DA310F4D670}.Debug (KVASER CANlib)|Win32.ActiveCfg = Debug|x64
		{54DDACC0-E19B-41D4-8235-6DA310F4D670}.Debug (KVASER CANlib)|x64.ActiveCfg = Debug|x64
		{54DDACC0-E19B-41D4-8235-6DA310F4D670}.Debug (KVASER CANlib)|x64.Build.0 = Debug|x64
		{54DDACC0-E19B-41D4-8235-6DA310F4D670}.Debug (KVASER CANlib)|x86.ActiveCfg = Debug|x64
		{54DDACC0-E19B-41D4-8235-6DA310F4D670}.Debug (PEAK PCANBasic)|Mixed Platforms.ActiveCfg = Debug|x64
		{54DDACC0-E19B-41D4-8235-6DA310F4D670}.Debug (PEAK PCANBasic)|Mixed Platforms.Build.0 = Debug|x64
		{54DDACC0-E19B-41D4-8235-6DA310F4D670}.Debug (PEAK PCANBasic)|Win32.ActiveCfg = Debug|x64
		{54DDACC0-E19B-41D4-8235-6DA310F4D670}.Debug (PEAK PCANBasic)|x64.ActiveCfg = Debug|x64
		{54DDACC0-E19B-41D4-8235-6DA310F4D670}.Debug (PEAK PCANBasic)|x64.Build.0 = Debug|x64
		{54DDACC0-E19B-41D4-8235-6DA310F4D670}.Debug (PEAK PCANBasic)|x86.ActiveCfg = Debug|x64
		{54DDACC0-E19B-41D4-8235-6DA310F4D670}.Release (IXXAT)|Mixed Platforms.ActiveCfg = Release|x64
		{54DDACC0-E19B-41D4-8235-6DA310F4D670}.Release (IXXAT)|Mixed Platforms.Build.0 = Release|x64
		{54DDACC0-E19B-41D4-8235-6DA310F4D670}.Release (IXXAT)|Win32.ActiveCfg = Release|x64
		{54DDACC0-E19B-41D4-8235-6DA310F4D670}.Release (IXXAT)|x64.ActiveCfg = Release|x64
		{54DDACC0-E19B-41D4-8235-6DA310F4D670}.Release (IXXAT)|x64.Build.0 = Release|x64
		{54DDACC0-E19B-41D4-8235-6DA310F4D670}.Release (IXXAT)|x86.ActiveCfg = Release|x64
		{54DDACC0-E19B-41D4-8235-6DA310F4D670}.Release (KVASER CANlib)|Mixed Platforms.ActiveCfg = Release|x64
		{54DDACC0-E19B-41D4-8235-6DA310F4D670}.Release (KVASER CANlib)|Mixed Platforms.Build.0 = Release|x64
		{54DDACC0-E19B-41D4-8235-6DA310F4D670}.Release (KVASER CANlib)|Win32.ActiveCfg = Release|x64
		{54DDACC0-E19B-41D4-8235-6DA310F4D670}.Release (KVASER CANlib)|x64.ActiveCfg = Release|x64
		{54DDACC0-E19B-41D4-8235-6DA310F4D670}.Release (KVASER CANlib)|x64.Build.0 = Release|x64
		{54DDACC0-E19B-41D4-8235-6DA310F4D670}.Release (KVASER CANlib)|x86.ActiveCfg = Release|x64
		{54DDACC0-E19B-41D4-8235-6DA310F4D670}.Release (PEAK PCANBasic)|Mixed Platforms.ActiveCfg = Release|x64
		{54DDACC0-E19B-41D4-8235-6DA310F4D670}.Release (PEAK PCANBasic)|Mixed Platforms.Build.0 = Release|x64
		{54DDACC0-E19B-41D4-8235-6DA310F4D670}.Release (PEAK PCANBasic)|Win32.ActiveCfg = Release|x64
		{54DDACC0-E19B-41D4-8235-6DA310F4D670}.Release (PEAK PCANBasic)|x64.ActiveCfg = Release|x64
		{54DDACC0-E19B-41D4-8235-6DA310F4D670}.Release (PEAK PCANBasic)|x64.Build.0 = Release|x64
		{54DDACC0-E19B-41D4-8235-6DA310F4D670}.Release (PEAK PCANBasic)|x86.ActiveCfg = Release|x64
		{87506536-AB5E-4D66-8288-2961FCECF3B8}.Debug (IXXAT)|Mixed Platforms.ActiveCfg = Debug|x64
		{87506536-AB5E-4D66-8288-2961FCECF3B8}.Debug (IXXAT)|Win32.ActiveCfg = Debug|x64
		{87506536-AB5E-4D66-8288-2961FCECF3B8}.Debug (IXXAT)|x64.ActiveCfg = Debug|x64
		{87506536-AB5E-4D66-8288-2961FCECF3B8}.Debug (IXXAT)|x64.Build.0 = Debug|x64
		{87506536-AB5E-4D66-8288-2961FCECF3B8}.Debug (IXXAT)|x86.ActiveCfg = Debug|x64
		{87506536-AB5E-4D66-8288-2961FCECF3B8}.Debug (KVASER CANlib)|Mixed Platforms.ActiveCfg = Debug|x64
		{87506536-AB5E-4D66-8288-2961FCECF3B8}.Debug (KVASER CANlib)|Mixed Platforms.Build.0 = Debug|x64
		{87506536-AB5E-4D66-8288-2961FCECF3B8}.Debug (KVASER CANlib)|Win32.ActiveCfg = Debug|x64
		{87506536-AB5E-4D66-8288-2961FCECF3B8}.Debug (KVASER CANlib)|x64.ActiveCfg = Debug|x64
		{87506536-AB5E-4D66-8288-2961FCECF3B8}.Debug (KVASER CANlib)|x64.Build.0 = Debug|x64
		{87506536-AB5E-4D66-8288-2961FCECF3B8}.Debug (KVASER CANlib)|x86.ActiveCfg = Debug|x64
		{87506536-AB5E-4D66-8288-2961FCECF3B8}.Debug (PEAK PCANBasic)|Mixed Platforms.ActiveCfg = Debug|x64
		{87506536-AB5E-4D66-8288-2961FCECF3B8}.Debug (PEAK PCANBasic)|Win32.ActiveCfg = Debug|x64
		{87506536-AB5E-4D66-8288-2961FCECF3B8}.Debug (PEAK PCANBasic)|x64.ActiveCfg = Debug|x64
		{87506536-AB5E-4D66-8288-2961FCECF3B8}.Debug (PEAK PCANBasic)|x64.Build.0 = Debug|x64
		{87506536-AB5E-4D66-8288-2961FCECF3B8}.Debug (PEAK PCANBasic)|x86.ActiveCfg = Debug|x64
		{87506536-AB5E-4D66-8288-2961FCECF3B8}.Release (IXXAT)|Mixed Platforms.ActiveCfg = Release|x64
		{87506536-AB5E-4D66-8288-2961FCECF3B8}.Release (IXXAT)|Win32.ActiveCfg = Release|x64
		{87506536-AB5E-4D66-8288-2961FCECF3B8}.Release (IXXAT)|x64.ActiveCfg = Release|x64
		{87506536-AB5E-4D66-8288-2961FCECF3B8}.Release (IXXAT)|x64.Build.0 = Release|x64
		{87506536-AB5E-4D66-8288-2961FCECF3B8}.Release (IXXAT)|x86.ActiveCfg = Release|x64
		{87506536-AB5E-4D66-8288-2961FCECF3B8}.Release (KVASER CANlib)|Mixed Platforms.ActiveCfg = Release|x64
		{87506536-AB5E-4D66-8288-2961FCECF3B8}.Release (KVASER CANlib)|Mixed Platforms.Build.0 = Release|x64
		{87506536-AB5E-4D66-8288-2961FCECF3B8}.Release (KVASER CANlib)|Win32.ActiveCfg = Release|x64
		{87506536-AB5E-4D66-8288-2961FCECF3B8}.Release (KVASER CANlib)|x64.ActiveCfg = Release|x64
		{87506536-AB5E-4D66-8288-2961FCECF3B8}.Release (KVASER CANlib)|x64.Build.0 = Release|x64
		{87506536-AB5E-4D66-8288-2961FCECF3B8}.Release (KVASER CANlib)|x86.ActiveCfg = Release|x64
		{87506536-AB5E-4D66-8288-2961FCECF3B8}.Release (PEAK PCANBasic)|Mixed Platforms.ActiveCfg = Release|x64
		{87506536-AB5E-4D66-8288-2961FCECF3B8}.Release (PEAK PCANBasic)|Win32.ActiveCfg = Release|x64
		{87506536-AB5E-4D66-8288-2961FCECF3B8}.Release (PEAK PCANBasic)|x64.ActiveCfg = Release|x64
		{87506536-AB5E-4D66-8288-2961FCECF3B8}.Release (PEAK PCANBasic)|x64.Build.0 = Release|x64
		{87506536-AB5E-4D66-8288-2961FCECF3B8}.Release (PEAK PCANBasic)|x86.ActiveCfg = Release|x64
		{FF417857-733A-49CD-84F8-8A7568897CDC}.Debug (IXXAT)|Mixed Platforms.ActiveCfg = Debug|x64
		{FF417857-733A-49CD-84F8-8A7568897CDC}.Debug (IXXAT)|Mixed Platforms.Build.0 = Debug|x64
		{FF417857-733A-49CD-84F8-8A7568897CDC}.Debug (IXXAT)|Win32.ActiveCfg = Debug|x64
		{FF417857-733A-49CD-84F8-8A7568897CDC}.Debug (IXXAT)|x64.ActiveCfg = Debug|x64
		{FF417857-733A-49CD-84F8-8A7568897CDC}.Debug (IXXAT)|x64.Build.0 = Debug|x64
		{FF417857-733A-49CD-84F8-8A7568897CDC}.Debug (IXXAT)|x86.ActiveCfg = Debug|x64
		{FF417857-733A-49CD-84F8-8A7568897CDC}.Debug (KVASER CANlib)|Mixed Platforms.ActiveCfg = Debug|x64
		{FF417857-733A-49CD-84F8-8A7568897CDC}.Debug (KVASER CANlib)|Mixed Platforms.Build.0 = Debug|x64
		{FF417857-733A-49CD-84F8-8A7568897CDC}.Debug (KVASER CANlib)|Win32.ActiveCfg = Debug|x64
		{FF417857-733A-49CD-84F8-8A7568897CDC}.Debug (KVASER CANlib)|x64.ActiveCfg = Debug|x64
		{FF417857-733A-49CD-84F8-8A7568897CDC}.Debug (KVASER CANlib)|x64.Build.0 = Debug|x64
		{FF417857-733A-49CD-84F8-8A7568897CDC}.Debug (KVASER CANlib)|x86.ActiveCfg = Debug|x64
		{FF417857-733A-49CD-84F8-8A7568897CDC}.Debug (PEAK PCANBasic)|Mixed Platforms.ActiveCfg = Debug|x64
		{FF417857-733A-49CD-84F8-8A7568897CDC}.Debug (PEAK PCANBasic)|Mixed Platforms.Build.0 = Debug|x64
		{FF417857-733A-49CD-84F8-8A7568897CDC}.Debug (PEAK PCANBasic)|Win32.ActiveCfg = Debug|x64
		{FF417857-733A-49CD-84F8-8A7568897CDC}.Debug (PEAK PCANBasic)|x64.ActiveCfg = Debug|x64
		{FF417857-733A-49CD-84F8-8A7568897CDC}.Debug (PEAK PCANBasic)|x86.ActiveCfg = Debug|x64
		{FF417857-733A-49CD-84F8-8A7568897CDC}.Release (IXXAT)|Mixed Platforms.ActiveCfg = Release|x64
		{FF417857-733A-49CD-84F8-8A7568897CDC}.Release (IXXAT)|Mixed Platforms.Build.0 = Release|x64
		{FF417857-733A-49CD-84F8-8A7568897CDC}.Release (IXXAT)|Win32.ActiveCfg = Release|x64
		{FF417857-733A-49CD-84F8-8A7568897CDC}.Release (IXXAT)|x64.ActiveCfg = Release|x64
		{FF417857-733A-49CD-84F8-8A7568897CDC}.Release (IXXAT)|x64.Build.0 = Release|x64
		{FF417857-733A-49CD-84F8-8A7568897CDC}.Release (IXXAT)|x86.ActiveCfg = Release|x64
		{FF417857-733A-49CD-84F8-8A7568897CDC}.Release (KVASER CANlib)|Mixed Platforms.ActiveCfg = Release|x64
		{FF417857-733A-49CD-84F8-8A7568897CDC}.Release (KVASER CANlib)|Mixed Platforms.Build.0 = Release|x64
		{FF417857-733A-49CD-84F8-8A7568897CDC}.Release (KVASER CANlib)|Win32.ActiveCfg = Release|x64
		{FF417857-733A-49CD-84F8-8A7568897CDC}.Release (KVASER CANlib)|x64.ActiveCfg = Release|x64
		{FF417857-733A-49CD-84F8-8A7568897CDC}.Release (KVASER CANlib)|x64.Build.0 = Release|x64
		{FF417857-733A-49CD-84F8-8A7568897CDC}.Release (KVASER CANlib)|x86.ActiveCfg = Release|x64
		{FF417857-733A-49CD-84F8-8A7568897CDC}.Release (PEAK PCANBasic)|Mixed Platforms.ActiveCfg = Release|x64
		{FF417857-733A-49CD-84F8-8A7568897CDC}.Release (PEAK PCANBasic)|Win32.ActiveCfg = Release|x64
		{FF417857-733A-49CD-84F8-8A7568897CDC}.Release (PEAK PCANBasic)|x64.ActiveCfg = Release|x64
		{FF417857-733A-49CD-84F8-8A7568897CDC}.Release (PEAK PCANBasic)|x86.ActiveCfg = Release|x64
		{275CE4F0-21BE-4D5C-BC6D-7C1412258B25}.Debug (IXXAT)|Mixed Platforms.ActiveCfg = Debug|x86
		{275CE4F0-21BE-4D5C-BC6D-7C1412258B25}.Debug (IXXAT)|Mixed Platforms.Build.0 = Debug|x86
		{275CE4F0-21BE-4D5C-BC6D-7C1412258B25}.Debug (IXXAT)|Win32.ActiveCfg = Debug|x86
		{275CE4F0-21BE-4D5C-BC6D-7C1412258B25}.Debug (IXXAT)|Win32.Build.0 = Debug|x86
		{275CE4F0-21BE-4D5C-BC6D-7C1412258B25}.Debug (IXXAT)|x64.ActiveCfg = Debug|x64
		{275CE4F0-21BE-4D5C-BC6D-7C1412258B25}.Debug (IXXAT)|x64.Build.0 = Debug|x64
		{275CE4F0-21BE-4D5C-BC6D-7C1412258B25}.Debug (IXXAT)|x86.ActiveCfg = Debug|x86
		{275CE4F0-21BE-4D5C-BC6D-7C1412258B25}.Debug (IXXAT)|x86.Build.0 = Debug|x86
		{275CE4F0-21BE-4D5C-BC6D-7C1412258B25}.Debug (KVASER CANlib)|Mixed Platforms.ActiveCfg = Debug|x64
		{275CE4F0-21BE-4D5C-BC6D-7C1412258B25}.Debug (KVASER CANlib)|Mixed Platforms.Build.0 = Debug|x64
		{275CE4F0-21BE-4D5C-BC6D-7C1412258B25}.Debug (KVASER CANlib)|Mixed Platforms.Deploy.0 = Debug|x64
		{275CE4F0-21BE-4D5C-BC6D-7C1412258B25}.Debug (KVASER CANlib)|Win32.ActiveCfg = Debug|x86
		{275CE4F0-21BE-4D5C-BC6D-7C1412258B25}.Debug (KVASER CANlib)|Win32.Build.0 = Debug|x86
		{275CE4F0-21BE-4D5C-BC6D-7C1412258B25}.Debug (KVASER CANlib)|x64.ActiveCfg = Debug|x64
		{275CE4F0-21BE-4D5C-BC6D-7C1412258B25}.Debug (KVASER CANlib)|x64.Build.0 = Debug|x64
		{275CE4F0-21BE-4D5C-BC6D-7C1412258B25}.Debug (KVASER CANlib)|x86.ActiveCfg = Debug|x86
		{275CE4F0-21BE-4D5C-BC6D-7C1412258B25}.Debug (KVASER CANlib)|x86.Build.0 = Debug|x86
		{275CE4F0-21BE-4D5C-BC6D-7C1412258B25}.Debug (PEAK PCANBasic)|Mixed Platforms.ActiveCfg = Debug|x64
		{275CE4F0-21BE-4D5C-BC6D-7C1412258B25}.Debug (PEAK PCANBasic)|Mixed Platforms.Build.0 = Debug|x64
		{275CE4F0-21BE-4D5C-BC6D-7C1412258B25}.Debug (PEAK PCANBasic)|Win32.ActiveCfg = Debug|x86
		{275CE4F0-21BE-4D5C-BC6D-7C1412258B25}.Debug (PEAK PCANBasic)|Win32.Build.0 = Debug|x86
		{275CE4F0-21BE-4D5C-BC6D-7C1412258B25}.Debug (PEAK PCANBasic)|x64.ActiveCfg = Debug|x64
		{275CE4F0-21BE-4D5C-BC6D-7C1412258B25}.Debug (PEAK PCANBasic)|x64.Build.0 = Debug|x64
		{275CE4F0-21BE-4D5C-BC6D-7C1412258B25}.Debug (PEAK PCANBasic)|x86.ActiveCfg = Debug|x86
		{275CE4F0-21BE-4D5C-BC6D-7C1412258B25}.Debug (PEAK PCANBasic)|x86.Build.0 = Debug|x86
		{275CE4F0-21BE-4D5C-BC6D-7C1412258B25}.Release (IXXAT)|Mixed Platforms.ActiveCfg = Release|x86
		{275CE4F0-21BE-4D5C-BC6D-7C1412258B25}.Release (IXXAT)|Mixed Platforms.Build.0 = Release|x86
		{275CE4F0-21BE-4D5C-BC6D-7C1412258B25}.Release (IXXAT)|Win32.ActiveCfg = Release|x86
		{275CE4F0-21BE-4D5C-BC6D-7C1412258B25}.Release (IXXAT)|Win32.Build.0 = Release|x86
		{275CE4F0-21BE-4D5C-BC6D-7C1412258B25}.Release (IXXAT)|x64.ActiveCfg = Release|x64
		{275CE4F0-21BE-4D5C-BC6D-7C1412258B25}.Release (IXXAT)|x64.Build.0 = Release|x64
		{275CE4F0-21BE-4D5C-BC6D-7C1412258B25}.Release (IXXAT)|x86.ActiveCfg = Release|x86
		{275CE4F0-21BE-4D5C-BC6D-7C1412258B25}.Release (IXXAT)|x86.Build.0 = Release|x86
		{275CE4F0-21BE-4D5C-BC6D-7C1412258B25}.Release (KVASER CANlib)|Mixed Platforms.ActiveCfg = Release|x64
		{275CE4F0-21BE-4D5C-BC6D-7C1412258B25}.Release (KVASER CANlib)|Mixed Platforms.Build.0 = Release|x64
		{275CE4F0-21BE-4D5C-BC6D-7C1412258B25}.Release (KVASER CANlib)|Win32.ActiveCfg = Release|x86
		{275CE4F0-21BE-4D5C-BC6D-7C1412258B25}.Release (KVASER CANlib)|Win32.Build.0 = Release|x86
		{275CE4F0-21BE-4D5C-BC6D-7C1412258B25}.Release (KVASER CANlib)|x64.ActiveCfg = Release|x64
		{275CE4F0-21BE-4D5C-BC6D-7C1412258B25}.Release (KVASER CANlib)|x64.Build.0 = Release|x64
		{275CE4F0-21BE-4D5C-BC6D-7C1412258B25}.Release (KVASER CANlib)|x86.ActiveCfg = Release|x86
		{275CE4F0-21BE-4D5C-BC6D-7C1412258B25}.Release (KVASER CANlib)|x86.Build.0 = Release|x86
		{275CE4F0-21BE-4D5C-BC6D-7C1412258B25}.Release (PEAK PCANBasic)|Mixed Platforms.ActiveCfg = Release|x86
		{275CE4F0-21BE-4D5C-BC6D-7C1412258B25}.Release (PEAK PCANBasic)|Mixed Platforms.Build.0 = Release|x86
		{275CE4F0-21BE-4D5C-BC6D-7C1412258B25}.Release (PEAK PCANBasic)|Win32.ActiveCfg = Release|x86
		{275CE4F0-21BE-4D5C-BC6D-7C1412258B25}.Release (PEAK PCANBasic)|Win32.Build.0 = Release|x86
		{275CE4F0-21BE-4D5C-BC6D-7C1412258B25}.Release (PEAK PCANBasic)|x64.ActiveCfg = Release|x64
		{275CE4F0-21BE-4D5C-BC6D-7C1412258B25}.Release (PEAK PCANBasic)|x64.Build.0 = Release|x64
		{275CE4F0-21BE-4D5C-BC6D-7C1412258B25}.Release (PEAK PCANBasic)|x86.ActiveCfg = Release|x86
		{275CE4F0-21BE-4D5C-BC6D-7C1412258B25}.Release (PEAK PCANBasic)|x86.Build.0 = Release|x86
		{A1A98567-6FD8-4AE2-AEF1-84B4AEA49A89}.Debug (IXXAT)|Mixed Platforms.ActiveCfg = Debug|x86
		{A1A98567-6FD8-4AE2-AEF1-84B4AEA49A89}.Debug (IXXAT)|Mixed Platforms.Build.0 = Debug|x86
		{A1A98567-6FD8-4AE2-AEF1-84B4AEA49A89}.Debug (IXXAT)|Win32.ActiveCfg = Debug|x86
		{A1A98567-6FD8-4AE2-AEF1-84B4AEA49A89}.Debug (IXXAT)|Win32.Build.0 = Debug|x86
		{A1A98567-6FD8-4AE2-AEF1-84B4AEA49A89}.Debug (IXXAT)|x64.ActiveCfg = Debug|x64
		{A1A98567-6FD8-4AE2-AEF1-84B4AEA49A89}.Debug (IXXAT)|x64.Build.0 = Debug|x64
		{A1A98567-6FD8-4AE2-AEF1-84B4AEA49A89}.Debug (IXXAT)|x86.ActiveCfg = Debug|x86
		{A1A98567-6FD8-4AE2-AEF1-84B4AEA49A89}.Debug (IXXAT)|x86.Build.0 = Debug|x86
		{A1A98567-6FD8-4AE2-AEF1-84B4AEA49A89}.Debug (KVASER CANlib)|Mixed Platforms.ActiveCfg = Debug|x64
		{A1A98567-6FD8-4AE2-AEF1-84B4AEA49A89}.Debug (KVASER CANlib)|Mixed Platforms.Build.0 = Debug|x64
		{A1A98567-6FD8-4AE2-AEF1-84B4AEA49A89}.Debug (KVASER CANlib)|Win32.ActiveCfg = Debug|x86
		{A1A98567-6FD8-4AE2-AEF1-84B4AEA49A89}.Debug (KVASER CANlib)|Win32.Build.0 = Debug|x86
		{A1A98567-6FD8-4AE2-AEF1-84B4AEA49A89}.Debug (KVASER CANlib)|x64.ActiveCfg = Debug|x64
		{A1A98567-6FD8-4AE2-AEF1-84B4AEA49A89}.Debug (KVASER CANlib)|x86.ActiveCfg = Debug|x86
		{A1A98567-6FD8-4AE2-AEF1-84B4AEA49A89}.Debug (KVASER CANlib)|x86.Build.0 = Debug|x86
		{A1A98567-6FD8-4AE2-AEF1-84B4AEA49A89}.Debug (PEAK PCANBasic)|Mixed Platforms.ActiveCfg = Debug|x86
		{A1A98567-6FD8-4AE2-AEF1-84B4AEA49A89}.Debug (PEAK PCANBasic)|Mixed Platforms.Build.0 = Debug|x86
		{A1A98567-6FD8-4AE2-AEF1-84B4AEA49A89}.Debug (PEAK PCANBasic)|Win32.ActiveCfg = Debug|x86
		{A1A98567-6FD8-4AE2-AEF1-84B4AEA49A89}.Debug (PEAK PCANBasic)|x64.ActiveCfg = Debug|x64
		{A1A98567-6FD8-4AE2-AEF1-84B4AEA49A89}.Debug (PEAK PCANBasic)|x86.ActiveCfg = Debug|x86
		{A1A98567-6FD8-4AE2-AEF1-84B4AEA49A89}.Release (IXXAT)|Mixed Platforms.ActiveCfg = Release|x86
		{A1A98567-6FD8-4AE2-AEF1-84B4AEA49A89}.Release (IXXAT)|Mixed Platforms.Build.0 = Release|x86
		{A1A98567-6FD8-4AE2-AEF1-84B4AEA49A89}.Release (IXXAT)|Win32.ActiveCfg = Release|x86
		{A1A98567-6FD8-4AE2-AEF1-84B4AEA49A89}.Release (IXXAT)|Win32.Build.0 = Release|x86
		{A1A98567-6FD8-4AE2-AEF1-84B4AEA49A89}.Release (IXXAT)|x64.ActiveCfg = Release|x64
		{A1A98567-6FD8-4AE2-AEF1-84B4AEA49A89}.Release (IXXAT)|x64.Build.0 = Release|x64
		{A1A98567-6FD8-4AE2-AEF1-84B4AEA49A89}.Release (IXXAT)|x86.ActiveCfg = Release|x86
		{A1A98567-6FD8-4AE2-AEF1-84B4AEA49A89}.Release (IXXAT)|x86.Build.0 = Release|x86
		{A1A98567-6FD8-4AE2-AEF1-84B4AEA49A89}.Release (KVASER CANlib)|Mixed Platforms.ActiveCfg = Release|x64
		{A1A98567-6FD8-4AE2-AEF1-84B4AEA49A89}.Release (KVASER CANlib)|Mixed Platforms.Build.0 = Release|x64
		{A1A98567-6FD8-4AE2-AEF1-84B4AEA49A89}.Release (KVASER CANlib)|Win32.ActiveCfg = Release|x86
		{A1A98567-6FD8-4AE2-AEF1-84B4AEA49A89}.Release (KVASER CANlib)|Win32.Build.0 = Release|x86
		{A1A98567-6FD8-4AE2-AEF1-84B4AEA49A89}.Release (KVASER CANlib)|x64.ActiveCfg = Release|x64
		{A1A98567-6FD8-4AE2-AEF1-84B4AEA49A89}.Release (KVASER CANlib)|x86.ActiveCfg = Release|x86
		{A1A98567-6FD8-4AE2-AEF1-84B4AEA49A89}.Release (KVASER CANlib)|x86.Build.0 = Release|x86
		{A1A98567-6FD8-4AE2-AEF1-84B4AEA49A89}.Release (PEAK PCANBasic)|Mixed Platforms.ActiveCfg = Release|x86
		{A1A98567-6FD8-4AE2-AEF1-84B4AEA49A89}.Release (PEAK PCANBasic)|Win32.ActiveCfg = Release|x86
		{A1A98567-6FD8-4AE2-AEF1-84B4AEA49A89}.Release (PEAK PCANBasic)|x64.ActiveCfg = Release|x64
		{A1A98567-6FD8-4AE2-AEF1-84B4AEA49A89}.Release (PEAK PCANBasic)|x86.ActiveCfg = Release|x86
		{3594293E-C143-4BAB-BB42-D8E09D0830FF}.Debug (IXXAT)|Mixed Platforms.ActiveCfg = Debug|x64
		{3594293E-C143-4BAB-BB42-D8E09D0830FF}.Debug (IXXAT)|Win32.ActiveCfg = Debug|x64
		{3594293E-C143-4BAB-BB42-D8E09D0830FF}.Debug (IXXAT)|x64.ActiveCfg = Debug|x64
		{3594293E-C143-4BAB-BB42-D8E09D0830FF}.Debug (IXXAT)|x64.Build.0 = Debug|x64
		{3594293E-C143-4BAB-BB42-D8E09D0830FF}.Debug (IXXAT)|x86.ActiveCfg = Debug|x64
		{3594293E-C143-4BAB-BB42-D8E09D0830FF}.Debug (KVASER CANlib)|Mixed Platforms.ActiveCfg = Debug|x64
		{3594293E-C143-4BAB-BB42-D8E09D0830FF}.Debug (KVASER CANlib)|Win32.ActiveCfg = Debug|x64
		{3594293E-C143-4BAB-BB42-D8E09D0830FF}.Debug (KVASER CANlib)|x64.ActiveCfg = Debug|x64
		{3594293E-C143-4BAB-BB42-D8E09D0830FF}.Debug (KVASER CANlib)|x64.Build.0 = Debug|x64
		{3594293E-C143-4BAB-BB42-D8E09D0830FF}.Debug (KVASER CANlib)|x86.ActiveCfg = Debug|x64
		{3594293E-C143-4BAB-BB42-D8E09D0830FF}.Debug (PEAK PCANBasic)|Mixed Platforms.ActiveCfg = Debug|x64
		{3594293E-C143-4BAB-BB42-D8E09D0830FF}.Debug (PEAK PCANBasic)|Mixed Platforms.Build.0 = Debug|x64
		{3594293E-C143-4BAB-BB42-D8E09D0830FF}.Debug (PEAK PCANBasic)|Win32.ActiveCfg = Debug|x64
		{3594293E-C143-4BAB-BB42-D8E09D0830FF}.Debug (PEAK PCANBasic)|x64.ActiveCfg = Debug|x64
		{3594293E-C143-4BAB-BB42-D8E09D0830FF}.Debug (PEAK PCANBasic)|x64.Build.0 = Debug|x64
		{3594293E-C143-4BAB-BB42-D8E09D0830FF}.Debug (PEAK PCANBasic)|x86.ActiveCfg = Debug|x64
		{3594293E-C143-4BAB-BB42-D8E09D0830FF}.Release (IXXAT)|Mixed Platforms.ActiveCfg = Release|x64
		{3594293E-C143-4BAB-BB42-D8E09D0830FF}.Release (IXXAT)|Win32.ActiveCfg = Release|x64
		{3594293E-C143-4BAB-BB42-D8E09D0830FF}.Release (IXXAT)|x64.ActiveCfg = Release|x64
		{3594293E-C143-4BAB-BB42-D8E09D0830FF}.Release (IXXAT)|x64.Build.0 = Release|x64
		{3594293E-C143-4BAB-BB42-D8E09D0830FF}.Release (IXXAT)|x86.ActiveCfg = Release|x64
		{3594293E-C143-4BAB-BB42-D8E09D0830FF}.Release (KVASER CANlib)|Mixed Platforms.ActiveCfg = Release|x64
		{3594293E-C143-4BAB-BB42-D8E09D0830FF}.Release (KVASER CANlib)|Win32.ActiveCfg = Release|x64
		{3594293E-C143-4BAB-BB42-D8E09D0830FF}.Release (KVASER CANlib)|x64.ActiveCfg = Release|x64
		{3594293E-C143-4BAB-BB42-D8E09D0830FF}.Release (KVASER CANlib)|x64.Build.0 = Release|x64
		{3594293E-C143-4BAB-BB42-D8E09D0830FF}.Release (KVASER CANlib)|x86.ActiveCfg = Release|x64
		{3594293E-C143-4BAB-BB42-D8E09D0830FF}.Release (PEAK PCANBasic)|Mixed Platforms.ActiveCfg = Release|x64
		{3594293E-C143-4BAB-BB42-D8E09D0830FF}.Release (PEAK PCANBasic)|Mixed Platforms.Build.0 = Release|x64
		{3594293E-C143-4BAB-BB42-D8E09D0830FF}.Release (PEAK PCANBasic)|Win32.ActiveCfg = Release|x64
		{3594293E-C143-4BAB-BB42-D8E09D0830FF}.Release (PEAK PCANBasic)|x64.ActiveCfg = Release|x64
		{3594293E-C143-4BAB-BB42-D8E09D0830FF}.Release (PEAK PCANBasic)|x64.Build.0 = Release|x64
		{3594293E-C143-4BAB-BB42-D8E09D0830FF}.Release (PEAK PCANBasic)|x86.ActiveCfg = Release|x64
		{95BAA5BA-4E99-41EB-8206-707420AE192B}.Debug (IXXAT)|Mixed Platforms.ActiveCfg = Debug|x64
		{95BAA5BA-4E99-41EB-8206-707420AE192B}.Debug (IXXAT)|Mixed Platforms.Build.0 = Debug|x64
		{95BAA5BA-4E99-41EB-8206-707420AE192B}.Debug (IXXAT)|Win32.ActiveCfg = Debug|x64
		{95BAA5BA-4E99-41EB-8206-707420AE192B}.Debug (IXXAT)|x64.ActiveCfg = Debug|x64
		{95BAA5BA-4E99-41EB-8206-707420AE192B}.Debug (IXXAT)|x64.Build.0 = Debug|x64
		{95BAA5BA-4E99-41EB-8206-707420AE192B}.Debug (IXXAT)|x86.ActiveCfg = Debug|x64
		{95BAA5BA-4E99-41EB-8206-707420AE192B}.Debug (KVASER CANlib)|Mixed Platforms.ActiveCfg = Debug|x64
		{95BAA5BA-4E99-41EB-8206-707420AE192B}.Debug (KVASER CANlib)|Win32.ActiveCfg = Debug|x64
		{95BAA5BA-4E99-41EB-8206-707420AE192B}.Debug (KVASER CANlib)|x64.ActiveCfg = Debug|x64
		{95BAA5BA-4E99-41EB-8206-707420AE192B}.Debug (KVASER CANlib)|x64.Build.0 = Debug|x64
		{95BAA5BA-4E99-41EB-8206-707420AE192B}.Debug (KVASER CANlib)|x86.ActiveCfg = Debug|x64
		{95BAA5BA-4E99-41EB-8206-707420AE192B}.Debug (PEAK PCANBasic)|Mixed Platforms.ActiveCfg = Debug|x64
		{95BAA5BA-4E99-41EB-8206-707420AE192B}.Debug (PEAK PCANBasic)|Win32.ActiveCfg = Debug|x64
		{95BAA5BA-4E99-41EB-8206-707420AE192B}.Debug (PEAK PCANBasic)|x64.ActiveCfg = Debug|x64
		{95BAA5BA-4E99-41EB-8206-707420AE192B}.Debug (PEAK PCANBasic)|x64.Build.0 = Debug|x64
		{95BAA5BA-4E99-41EB-8206-707420AE192B}.Debug (PEAK PCANBasic)|x86.ActiveCfg = Debug|x64
		{95BAA5BA-4E99-41EB-8206-707420AE192B}.Release (IXXAT)|Mixed Platforms.ActiveCfg = Release|x64
		{95BAA5BA-4E99-41EB-8206-707420AE192B}.Release (IXXAT)|Mixed Platforms.Build.0 = Release|x64
		{95BAA5BA-4E99-41EB-8206-707420AE192B}.Release (IXXAT)|Win32.ActiveCfg = Release|x64
		{95BAA5BA-4E99-41EB-8206-707420AE192B}.Release (IXXAT)|x64.ActiveCfg = Release|x64
		{95BAA5BA-4E99-41EB-8206-707420AE192B}.Release (IXXAT)|x64.Build.0 = Release|x64
		{95BAA5BA-4E99-41EB-8206-707420AE192B}.Release (IXXAT)|x86.ActiveCfg = Release|x64
		{95BAA5BA-4E99-41EB-8206-707420AE192B}.Release (KVASER CANlib)|Mixed Platforms.ActiveCfg = Release|x64
		{95BAA5BA-4E99-41EB-8206-707420AE192B}.Release (KVASER CANlib)|Win32.ActiveCfg = Release|x64
		{95BAA5BA-4E99-41EB-8206-707420AE192B}.Release (KVASER CANlib)|x64.ActiveCfg = Release|x64
		{95BAA5BA-4E99-41EB-8206-707420AE192B}.Release (KVASER CANlib)|x64.Build.0 = Release|x64
		{95BAA5BA-4E99-41EB-8206-707420AE192B}.Release (KVASER CANlib)|x86.ActiveCfg = Release|x64
		{95BAA5BA-4E99-41EB-8206-707420AE192B}.Release (PEAK PCANBasic)|Mixed Platforms.ActiveCfg = Release|x64
		{95BAA5BA-4E99-41EB-8206-707420AE192B}.Release (PEAK PCANBasic)|Win32.ActiveCfg = Release|x64
		{95BAA5BA-4E99-41EB-8206-707420AE192B}.Release (PEAK PCANBasic)|x64.ActiveCfg = Release|x64
		{95BAA5BA-4E99-41EB-8206-707420AE192B}.Release (PEAK PCANBasic)|x64.Build.0 = Release|x64
		{95BAA5BA-4E99-41EB-8206-707420AE192B}.Release (PEAK PCANBasic)|x86.ActiveCfg = Release|x64
	EndGlobalSection
	GlobalSection(SolutionProperties) = preSolution
		HideSolutionNode = FALSE
	EndGlobalSection
EndGlobal
