
Microsoft Visual Studio Solution File, Format Version 12.00
# Visual Studio 2012
Project("{FAE04EC0-301F-11D3-BF4B-00C04F79EFBC}") = "WINDOWS DEMO APPLICATION (.NET)", "..\..\visual_studio\canopen_gui_test_NET\WINDOWS DEMO APPLICATION (.NET).csproj", "{275CE4F0-21BE-4D5C-BC6D-7C1412258B25}"
	ProjectSection(ProjectDependencies) = postProject
		{54DDACC0-E19B-41D4-8235-6DA310F4D670} = {54DDACC0-E19B-41D4-8235-6DA310F4D670}
	EndProjectSection
EndProject
Project("{FAE04EC0-301F-11D3-BF4B-00C04F79EFBC}") = "Test_application_2 (CSharp console)", "..\..\visual_studio\canopen_console_test_NET\Test_application_2 (CSharp console).csproj", "{A1A98567-6FD8-4AE2-AEF1-84B4AEA49A89}"
	ProjectSection(ProjectDependencies) = postProject
		{54DDACC0-E19B-41D4-8235-6DA310F4D670} = {54DDACC0-E19B-41D4-8235-6DA310F4D670}
	EndProjectSection
EndProject
Project("{8BC9CEB8-8B4A-11D0-8D11-00A0C91BC942}") = "canopenlib32_hw.dll (EMS Wunsche)", "..\..\visual_studio\plug_in_ems\canopenlib_hw_ems_VS2012.vcxproj", "{5A28A16B-93CC-498C-A5B4-6BEC68D2DDCF}"
EndProject
Project("{8BC9CEB8-8B4A-11D0-8D11-00A0C91BC942}") = "canopenlib32_hw.dll (KVASER CANlib)", "..\..\visual_studio\plug_in_canlib32\canopenlib_hw_VS2012.vcxproj", "{87506536-AB5E-4D66-8288-2961FCECF3B8}"
EndProject
Project("{8BC9CEB8-8B4A-11D0-8D11-00A0C91BC942}") = "canopenlib32_hw.dll (LAWICEL CAN232)", "..\..\visual_studio\plug_in_can232\canopenlib_hw_can232_VS2012.vcxproj", "{C49DF85E-552D-42AE-8DEA-C4DB5AC419F1}"
EndProject
Project("{8BC9CEB8-8B4A-11D0-8D11-00A0C91BC942}") = "canopenlib32_hw.dll (LAWICEL CANUSB)", "..\..\visual_studio\plug_in_canusb\canopenlib_hw_canusb_VS2012.vcxproj", "{2BA73DAA-A61C-4E68-99A1-8D959DE5EB74}"
EndProject
Project("{8BC9CEB8-8B4A-11D0-8D11-00A0C91BC942}") = "canopenlib32_hw.dll (Movimento Castor)", "..\..\visual_studio\plug_in_castorUSB\canopenlib_hw_tk_VS2012.vcxproj", "{6B048E62-0E01-401E-8EE9-3D4F15BC69F3}"
EndProject
Project("{8BC9CEB8-8B4A-11D0-8D11-00A0C91BC942}") = "canopenlib32_hw.dll (Peak PCAN)", "..\..\visual_studio\plug_in_peak\canopenlib_hw_peak_VS2012.vcxproj", "{B257F58E-9C1E-4A40-AC63-9621ED16147E}"
EndProject
Project("{8BC9CEB8-8B4A-11D0-8D11-00A0C91BC942}") = "canopenlib32_hw.dll (Tiny CAN)", "..\..\visual_studio\plug_in_tiny_can\canopenlib_hw_tiny_can_VS2012.vcxproj", "{FC5F32FD-5008-478B-9D83-A1B75752BCC0}"
EndProject
Project("{8BC9CEB8-8B4A-11D0-8D11-00A0C91BC942}") = "canopenlib32_hw.dll (Zanthic)", "..\..\visual_studio\plug_in_zanthic\canopenlib_hw_zanthic_VS2012.vcxproj", "{E15E37A8-317C-4CF2-AC93-928465CC20B4}"
EndProject
Project("{8BC9CEB8-8B4A-11D0-8D11-00A0C91BC942}") = "Test_application_1 (CPP console)", "..\..\visual_studio\canopen_console_test_CPP\console_test_cpp_VS2012.vcxproj", "{FF417857-733A-49CD-84F8-8A7568897CDC}"
	ProjectSection(ProjectDependencies) = postProject
		{9EDCD498-21A1-4960-AE0E-C2E445DDC395} = {9EDCD498-21A1-4960-AE0E-C2E445DDC395}
	EndProjectSection
EndProject
Project("{8BC9CEB8-8B4A-11D0-8D11-00A0C91BC942}") = "canopenlib32.dll", "..\..\visual_studio\canopenlib32_dll\canopen_stack_VS2012.vcxproj", "{9EDCD498-21A1-4960-AE0E-C2E445DDC395}"
EndProject
Project("{8BC9CEB8-8B4A-11D0-8D11-00A0C91BC942}") = "canopenlib32_NET.dll (C++ to C Sharp wrapper)", "..\..\visual_studio\canopenlib32_NET_dll\canopenlib32_NET_VS2012.vcxproj", "{54DDACC0-E19B-41D4-8235-6DA310F4D670}"
	ProjectSection(ProjectDependencies) = postProject
		{9EDCD498-21A1-4960-AE0E-C2E445DDC395} = {9EDCD498-21A1-4960-AE0E-C2E445DDC395}
	EndProjectSection
EndProject
Project("{8BC9CEB8-8B4A-11D0-8D11-00A0C91BC942}") = "canopenlib32_hw.dll (Ixxat CAN)", "..\..\visual_studio\plug_in_ixxat\canopenlib_hw_ixxat_can_VS2012.vcxproj", "{BC684197-43CB-4B3D-B7BF-67D8FB6C2CA7}"
EndProject
Project("{8BC9CEB8-8B4A-11D0-8D11-00A0C91BC942}") = "canopenlib32_hw.dll (Embedded Intelligence)", "..\..\visual_studio\plug_in_ei\canopenlib_hw_ei_VS2012.vcxproj", "{487AE379-0BF5-4E2B-9272-59847D48735F}"
EndProject
Global
	GlobalSection(SolutionConfigurationPlatforms) = preSolution
		Debug Castor|Win32 = Debug Castor|Win32
		Debug Embedded Intelligence|Win32 = Debug Embedded Intelligence|Win32
		Debug EMS|Win32 = Debug EMS|Win32
		Debug Ixxat|Win32 = Debug Ixxat|Win32
		Debug Kvaser|Win32 = Debug Kvaser|Win32
		Debug Lawicel RS232|Win32 = Debug Lawicel RS232|Win32
		Debug Lawicel USB|Win32 = Debug Lawicel USB|Win32
		Debug PEAK|Win32 = Debug PEAK|Win32
		Debug TinyCAN|Win32 = Debug TinyCAN|Win32
		Debug Zanthic|Win32 = Debug Zanthic|Win32
		Release Castor|Win32 = Release Castor|Win32
		Release Embedded Intelligence|Win32 = Release Embedded Intelligence|Win32
		Release EMS|Win32 = Release EMS|Win32
		Release Kvaser|Win32 = Release Kvaser|Win32
		Release Lawicel RS232|Win32 = Release Lawicel RS232|Win32
		Release Lawicel USB|Win32 = Release Lawicel USB|Win32
		Release PEAK|Win32 = Release PEAK|Win32
		Release TinyCAN|Win32 = Release TinyCAN|Win32
		Release Zanthic|Win32 = Release Zanthic|Win32
	EndGlobalSection
	GlobalSection(ProjectConfigurationPlatforms) = postSolution
		{275CE4F0-21BE-4D5C-BC6D-7C1412258B25}.Debug Castor|Win32.ActiveCfg = Debug|x86
		{275CE4F0-21BE-4D5C-BC6D-7C1412258B25}.Debug Castor|Win32.Build.0 = Debug|x86
		{275CE4F0-21BE-4D5C-BC6D-7C1412258B25}.Debug Embedded Intelligence|Win32.ActiveCfg = Debug|x86
		{275CE4F0-21BE-4D5C-BC6D-7C1412258B25}.Debug Embedded Intelligence|Win32.Build.0 = Debug|x86
		{275CE4F0-21BE-4D5C-BC6D-7C1412258B25}.Debug EMS|Win32.ActiveCfg = Debug|x86
		{275CE4F0-21BE-4D5C-BC6D-7C1412258B25}.Debug EMS|Win32.Build.0 = Debug|x86
		{275CE4F0-21BE-4D5C-BC6D-7C1412258B25}.Debug Ixxat|Win32.ActiveCfg = Debug|x86
		{275CE4F0-21BE-4D5C-BC6D-7C1412258B25}.Debug Ixxat|Win32.Build.0 = Debug|x86
		{275CE4F0-21BE-4D5C-BC6D-7C1412258B25}.Debug Kvaser|Win32.ActiveCfg = Debug|x86
		{275CE4F0-21BE-4D5C-BC6D-7C1412258B25}.Debug Kvaser|Win32.Build.0 = Debug|x86
		{275CE4F0-21BE-4D5C-BC6D-7C1412258B25}.Debug Lawicel RS232|Win32.ActiveCfg = Debug|x86
		{275CE4F0-21BE-4D5C-BC6D-7C1412258B25}.Debug Lawicel RS232|Win32.Build.0 = Debug|x86
		{275CE4F0-21BE-4D5C-BC6D-7C1412258B25}.Debug Lawicel USB|Win32.ActiveCfg = Debug|x86
		{275CE4F0-21BE-4D5C-BC6D-7C1412258B25}.Debug Lawicel USB|Win32.Build.0 = Debug|x86
		{275CE4F0-21BE-4D5C-BC6D-7C1412258B25}.Debug PEAK|Win32.ActiveCfg = Debug|x86
		{275CE4F0-21BE-4D5C-BC6D-7C1412258B25}.Debug TinyCAN|Win32.ActiveCfg = Debug|x86
		{275CE4F0-21BE-4D5C-BC6D-7C1412258B25}.Debug Zanthic|Win32.ActiveCfg = Debug|x86
		{275CE4F0-21BE-4D5C-BC6D-7C1412258B25}.Release Castor|Win32.ActiveCfg = Release|x86
		{275CE4F0-21BE-4D5C-BC6D-7C1412258B25}.Release Castor|Win32.Build.0 = Release|x86
		{275CE4F0-21BE-4D5C-BC6D-7C1412258B25}.Release Embedded Intelligence|Win32.ActiveCfg = Release|x86
		{275CE4F0-21BE-4D5C-BC6D-7C1412258B25}.Release Embedded Intelligence|Win32.Build.0 = Release|x86
		{275CE4F0-21BE-4D5C-BC6D-7C1412258B25}.Release EMS|Win32.ActiveCfg = Release|x86
		{275CE4F0-21BE-4D5C-BC6D-7C1412258B25}.Release EMS|Win32.Build.0 = Release|x86
		{275CE4F0-21BE-4D5C-BC6D-7C1412258B25}.Release Kvaser|Win32.ActiveCfg = Release|x86
		{275CE4F0-21BE-4D5C-BC6D-7C1412258B25}.Release Kvaser|Win32.Build.0 = Release|x86
		{275CE4F0-21BE-4D5C-BC6D-7C1412258B25}.Release Lawicel RS232|Win32.ActiveCfg = Release|x86
		{275CE4F0-21BE-4D5C-BC6D-7C1412258B25}.Release Lawicel RS232|Win32.Build.0 = Release|x86
		{275CE4F0-21BE-4D5C-BC6D-7C1412258B25}.Release Lawicel USB|Win32.ActiveCfg = Release|x86
		{275CE4F0-21BE-4D5C-BC6D-7C1412258B25}.Release PEAK|Win32.ActiveCfg = Release|x86
		{275CE4F0-21BE-4D5C-BC6D-7C1412258B25}.Release TinyCAN|Win32.ActiveCfg = Release|x86
		{275CE4F0-21BE-4D5C-BC6D-7C1412258B25}.Release TinyCAN|Win32.Build.0 = Release|x86
		{275CE4F0-21BE-4D5C-BC6D-7C1412258B25}.Release Zanthic|Win32.ActiveCfg = Release|x86
		{275CE4F0-21BE-4D5C-BC6D-7C1412258B25}.Release Zanthic|Win32.Build.0 = Release|x86
		{A1A98567-6FD8-4AE2-AEF1-84B4AEA49A89}.Debug Castor|Win32.ActiveCfg = Debug|x86
		{A1A98567-6FD8-4AE2-AEF1-84B4AEA49A89}.Debug Castor|Win32.Build.0 = Debug|x86
		{A1A98567-6FD8-4AE2-AEF1-84B4AEA49A89}.Debug Embedded Intelligence|Win32.ActiveCfg = Debug|x86
		{A1A98567-6FD8-4AE2-AEF1-84B4AEA49A89}.Debug Embedded Intelligence|Win32.Build.0 = Debug|x86
		{A1A98567-6FD8-4AE2-AEF1-84B4AEA49A89}.Debug EMS|Win32.ActiveCfg = Debug|x86
		{A1A98567-6FD8-4AE2-AEF1-84B4AEA49A89}.Debug EMS|Win32.Build.0 = Debug|x86
		{A1A98567-6FD8-4AE2-AEF1-84B4AEA49A89}.Debug Ixxat|Win32.ActiveCfg = Debug|x86
		{A1A98567-6FD8-4AE2-AEF1-84B4AEA49A89}.Debug Ixxat|Win32.Build.0 = Debug|x86
		{A1A98567-6FD8-4AE2-AEF1-84B4AEA49A89}.Debug Kvaser|Win32.ActiveCfg = Debug|x86
		{A1A98567-6FD8-4AE2-AEF1-84B4AEA49A89}.Debug Kvaser|Win32.Build.0 = Debug|x86
		{A1A98567-6FD8-4AE2-AEF1-84B4AEA49A89}.Debug Lawicel RS232|Win32.ActiveCfg = Debug|x86
		{A1A98567-6FD8-4AE2-AEF1-84B4AEA49A89}.Debug Lawicel RS232|Win32.Build.0 = Debug|x86
		{A1A98567-6FD8-4AE2-AEF1-84B4AEA49A89}.Debug Lawicel USB|Win32.ActiveCfg = Debug|x86
		{A1A98567-6FD8-4AE2-AEF1-84B4AEA49A89}.Debug Lawicel USB|Win32.Build.0 = Debug|x86
		{A1A98567-6FD8-4AE2-AEF1-84B4AEA49A89}.Debug PEAK|Win32.ActiveCfg = Debug|x86
		{A1A98567-6FD8-4AE2-AEF1-84B4AEA49A89}.Debug PEAK|Win32.Build.0 = Debug|x86
		{A1A98567-6FD8-4AE2-AEF1-84B4AEA49A89}.Debug TinyCAN|Win32.ActiveCfg = Debug|x86
		{A1A98567-6FD8-4AE2-AEF1-84B4AEA49A89}.Debug TinyCAN|Win32.Build.0 = Debug|x86
		{A1A98567-6FD8-4AE2-AEF1-84B4AEA49A89}.Debug Zanthic|Win32.ActiveCfg = Debug|x86
		{A1A98567-6FD8-4AE2-AEF1-84B4AEA49A89}.Debug Zanthic|Win32.Build.0 = Debug|x86
		{A1A98567-6FD8-4AE2-AEF1-84B4AEA49A89}.Release Castor|Win32.ActiveCfg = Release|x86
		{A1A98567-6FD8-4AE2-AEF1-84B4AEA49A89}.Release Castor|Win32.Build.0 = Release|x86
		{A1A98567-6FD8-4AE2-AEF1-84B4AEA49A89}.Release Embedded Intelligence|Win32.ActiveCfg = Release|x86
		{A1A98567-6FD8-4AE2-AEF1-84B4AEA49A89}.Release Embedded Intelligence|Win32.Build.0 = Release|x86
		{A1A98567-6FD8-4AE2-AEF1-84B4AEA49A89}.Release EMS|Win32.ActiveCfg = Release|x86
		{A1A98567-6FD8-4AE2-AEF1-84B4AEA49A89}.Release EMS|Win32.Build.0 = Release|x86
		{A1A98567-6FD8-4AE2-AEF1-84B4AEA49A89}.Release Kvaser|Win32.ActiveCfg = Release|x86
		{A1A98567-6FD8-4AE2-AEF1-84B4AEA49A89}.Release Kvaser|Win32.Build.0 = Release|x86
		{A1A98567-6FD8-4AE2-AEF1-84B4AEA49A89}.Release Lawicel RS232|Win32.ActiveCfg = Release|x86
		{A1A98567-6FD8-4AE2-AEF1-84B4AEA49A89}.Release Lawicel RS232|Win32.Build.0 = Release|x86
		{A1A98567-6FD8-4AE2-AEF1-84B4AEA49A89}.Release Lawicel USB|Win32.ActiveCfg = Release|x86
		{A1A98567-6FD8-4AE2-AEF1-84B4AEA49A89}.Release Lawicel USB|Win32.Build.0 = Release|x86
		{A1A98567-6FD8-4AE2-AEF1-84B4AEA49A89}.Release PEAK|Win32.ActiveCfg = Release|x86
		{A1A98567-6FD8-4AE2-AEF1-84B4AEA49A89}.Release PEAK|Win32.Build.0 = Release|x86
		{A1A98567-6FD8-4AE2-AEF1-84B4AEA49A89}.Release TinyCAN|Win32.ActiveCfg = Release|x86
		{A1A98567-6FD8-4AE2-AEF1-84B4AEA49A89}.Release TinyCAN|Win32.Build.0 = Release|x86
		{A1A98567-6FD8-4AE2-AEF1-84B4AEA49A89}.Release Zanthic|Win32.ActiveCfg = Release|x86
		{A1A98567-6FD8-4AE2-AEF1-84B4AEA49A89}.Release Zanthic|Win32.Build.0 = Release|x86
		{5A28A16B-93CC-498C-A5B4-6BEC68D2DDCF}.Debug Castor|Win32.ActiveCfg = Debug|Win32
		{5A28A16B-93CC-498C-A5B4-6BEC68D2DDCF}.Debug Embedded Intelligence|Win32.ActiveCfg = Debug|Win32
		{5A28A16B-93CC-498C-A5B4-6BEC68D2DDCF}.Debug EMS|Win32.ActiveCfg = Debug|Win32
		{5A28A16B-93CC-498C-A5B4-6BEC68D2DDCF}.Debug EMS|Win32.Build.0 = Debug|Win32
		{5A28A16B-93CC-498C-A5B4-6BEC68D2DDCF}.Debug Ixxat|Win32.ActiveCfg = Debug|Win32
		{5A28A16B-93CC-498C-A5B4-6BEC68D2DDCF}.Debug Kvaser|Win32.ActiveCfg = Debug|Win32
		{5A28A16B-93CC-498C-A5B4-6BEC68D2DDCF}.Debug Lawicel RS232|Win32.ActiveCfg = Debug|Win32
		{5A28A16B-93CC-498C-A5B4-6BEC68D2DDCF}.Debug Lawicel USB|Win32.ActiveCfg = Debug|Win32
		{5A28A16B-93CC-498C-A5B4-6BEC68D2DDCF}.Debug PEAK|Win32.ActiveCfg = Debug|Win32
		{5A28A16B-93CC-498C-A5B4-6BEC68D2DDCF}.Debug TinyCAN|Win32.ActiveCfg = Debug|Win32
		{5A28A16B-93CC-498C-A5B4-6BEC68D2DDCF}.Debug Zanthic|Win32.ActiveCfg = Debug|Win32
		{5A28A16B-93CC-498C-A5B4-6BEC68D2DDCF}.Release Castor|Win32.ActiveCfg = Release|Win32
		{5A28A16B-93CC-498C-A5B4-6BEC68D2DDCF}.Release Embedded Intelligence|Win32.ActiveCfg = Release|Win32
		{5A28A16B-93CC-498C-A5B4-6BEC68D2DDCF}.Release EMS|Win32.ActiveCfg = Release|Win32
		{5A28A16B-93CC-498C-A5B4-6BEC68D2DDCF}.Release EMS|Win32.Build.0 = Release|Win32
		{5A28A16B-93CC-498C-A5B4-6BEC68D2DDCF}.Release Kvaser|Win32.ActiveCfg = Release|Win32
		{5A28A16B-93CC-498C-A5B4-6BEC68D2DDCF}.Release Lawicel RS232|Win32.ActiveCfg = Release|Win32
		{5A28A16B-93CC-498C-A5B4-6BEC68D2DDCF}.Release Lawicel USB|Win32.ActiveCfg = Release|Win32
		{5A28A16B-93CC-498C-A5B4-6BEC68D2DDCF}.Release PEAK|Win32.ActiveCfg = Release|Win32
		{5A28A16B-93CC-498C-A5B4-6BEC68D2DDCF}.Release TinyCAN|Win32.ActiveCfg = Release|Win32
		{5A28A16B-93CC-498C-A5B4-6BEC68D2DDCF}.Release Zanthic|Win32.ActiveCfg = Release|Win32
		{87506536-AB5E-4D66-8288-2961FCECF3B8}.Debug Castor|Win32.ActiveCfg = Debug|Win32
		{87506536-AB5E-4D66-8288-2961FCECF3B8}.Debug Embedded Intelligence|Win32.ActiveCfg = Debug|Win32
		{87506536-AB5E-4D66-8288-2961FCECF3B8}.Debug EMS|Win32.ActiveCfg = Debug|Win32
		{87506536-AB5E-4D66-8288-2961FCECF3B8}.Debug Ixxat|Win32.ActiveCfg = Debug|Win32
		{87506536-AB5E-4D66-8288-2961FCECF3B8}.Debug Kvaser|Win32.ActiveCfg = Debug|Win32
		{87506536-AB5E-4D66-8288-2961FCECF3B8}.Debug Kvaser|Win32.Build.0 = Debug|Win32
		{87506536-AB5E-4D66-8288-2961FCECF3B8}.Debug Lawicel RS232|Win32.ActiveCfg = Debug|Win32
		{87506536-AB5E-4D66-8288-2961FCECF3B8}.Debug Lawicel USB|Win32.ActiveCfg = Debug|Win32
		{87506536-AB5E-4D66-8288-2961FCECF3B8}.Debug PEAK|Win32.ActiveCfg = Debug|Win32
		{87506536-AB5E-4D66-8288-2961FCECF3B8}.Debug TinyCAN|Win32.ActiveCfg = Debug|Win32
		{87506536-AB5E-4D66-8288-2961FCECF3B8}.Debug Zanthic|Win32.ActiveCfg = Debug|Win32
		{87506536-AB5E-4D66-8288-2961FCECF3B8}.Release Castor|Win32.ActiveCfg = Release|Win32
		{87506536-AB5E-4D66-8288-2961FCECF3B8}.Release Embedded Intelligence|Win32.ActiveCfg = Release|Win32
		{87506536-AB5E-4D66-8288-2961FCECF3B8}.Release EMS|Win32.ActiveCfg = Release|Win32
		{87506536-AB5E-4D66-8288-2961FCECF3B8}.Release Kvaser|Win32.ActiveCfg = Release|Win32
		{87506536-AB5E-4D66-8288-2961FCECF3B8}.Release Kvaser|Win32.Build.0 = Release|Win32
		{87506536-AB5E-4D66-8288-2961FCECF3B8}.Release Lawicel RS232|Win32.ActiveCfg = Release|Win32
		{87506536-AB5E-4D66-8288-2961FCECF3B8}.Release Lawicel USB|Win32.ActiveCfg = Release|Win32
		{87506536-AB5E-4D66-8288-2961FCECF3B8}.Release PEAK|Win32.ActiveCfg = Release|Win32
		{87506536-AB5E-4D66-8288-2961FCECF3B8}.Release TinyCAN|Win32.ActiveCfg = Release|Win32
		{87506536-AB5E-4D66-8288-2961FCECF3B8}.Release Zanthic|Win32.ActiveCfg = Release|Win32
		{C49DF85E-552D-42AE-8DEA-C4DB5AC419F1}.Debug Castor|Win32.ActiveCfg = Debug|Win32
		{C49DF85E-552D-42AE-8DEA-C4DB5AC419F1}.Debug Embedded Intelligence|Win32.ActiveCfg = Debug|Win32
		{C49DF85E-552D-42AE-8DEA-C4DB5AC419F1}.Debug EMS|Win32.ActiveCfg = Debug|Win32
		{C49DF85E-552D-42AE-8DEA-C4DB5AC419F1}.Debug Ixxat|Win32.ActiveCfg = Debug|Win32
		{C49DF85E-552D-42AE-8DEA-C4DB5AC419F1}.Debug Kvaser|Win32.ActiveCfg = Debug|Win32
		{C49DF85E-552D-42AE-8DEA-C4DB5AC419F1}.Debug Lawicel RS232|Win32.ActiveCfg = Debug|Win32
		{C49DF85E-552D-42AE-8DEA-C4DB5AC419F1}.Debug Lawicel RS232|Win32.Build.0 = Debug|Win32
		{C49DF85E-552D-42AE-8DEA-C4DB5AC419F1}.Debug Lawicel USB|Win32.ActiveCfg = Debug|Win32
		{C49DF85E-552D-42AE-8DEA-C4DB5AC419F1}.Debug PEAK|Win32.ActiveCfg = Debug|Win32
		{C49DF85E-552D-42AE-8DEA-C4DB5AC419F1}.Debug TinyCAN|Win32.ActiveCfg = Debug|Win32
		{C49DF85E-552D-42AE-8DEA-C4DB5AC419F1}.Debug Zanthic|Win32.ActiveCfg = Debug|Win32
		{C49DF85E-552D-42AE-8DEA-C4DB5AC419F1}.Release Castor|Win32.ActiveCfg = Release|Win32
		{C49DF85E-552D-42AE-8DEA-C4DB5AC419F1}.Release Embedded Intelligence|Win32.ActiveCfg = Release|Win32
		{C49DF85E-552D-42AE-8DEA-C4DB5AC419F1}.Release EMS|Win32.ActiveCfg = Release|Win32
		{C49DF85E-552D-42AE-8DEA-C4DB5AC419F1}.Release Kvaser|Win32.ActiveCfg = Release|Win32
		{C49DF85E-552D-42AE-8DEA-C4DB5AC419F1}.Release Lawicel RS232|Win32.ActiveCfg = Release|Win32
		{C49DF85E-552D-42AE-8DEA-C4DB5AC419F1}.Release Lawicel RS232|Win32.Build.0 = Release|Win32
		{C49DF85E-552D-42AE-8DEA-C4DB5AC419F1}.Release Lawicel USB|Win32.ActiveCfg = Release|Win32
		{C49DF85E-552D-42AE-8DEA-C4DB5AC419F1}.Release PEAK|Win32.ActiveCfg = Release|Win32
		{C49DF85E-552D-42AE-8DEA-C4DB5AC419F1}.Release TinyCAN|Win32.ActiveCfg = Release|Win32
		{C49DF85E-552D-42AE-8DEA-C4DB5AC419F1}.Release Zanthic|Win32.ActiveCfg = Release|Win32
		{2BA73DAA-A61C-4E68-99A1-8D959DE5EB74}.Debug Castor|Win32.ActiveCfg = Debug|Win32
		{2BA73DAA-A61C-4E68-99A1-8D959DE5EB74}.Debug Embedded Intelligence|Win32.ActiveCfg = Debug|Win32
		{2BA73DAA-A61C-4E68-99A1-8D959DE5EB74}.Debug EMS|Win32.ActiveCfg = Debug|Win32
		{2BA73DAA-A61C-4E68-99A1-8D959DE5EB74}.Debug Ixxat|Win32.ActiveCfg = Debug|Win32
		{2BA73DAA-A61C-4E68-99A1-8D959DE5EB74}.Debug Kvaser|Win32.ActiveCfg = Debug|Win32
		{2BA73DAA-A61C-4E68-99A1-8D959DE5EB74}.Debug Lawicel RS232|Win32.ActiveCfg = Debug|Win32
		{2BA73DAA-A61C-4E68-99A1-8D959DE5EB74}.Debug Lawicel USB|Win32.ActiveCfg = Debug|Win32
		{2BA73DAA-A61C-4E68-99A1-8D959DE5EB74}.Debug Lawicel USB|Win32.Build.0 = Debug|Win32
		{2BA73DAA-A61C-4E68-99A1-8D959DE5EB74}.Debug PEAK|Win32.ActiveCfg = Debug|Win32
		{2BA73DAA-A61C-4E68-99A1-8D959DE5EB74}.Debug TinyCAN|Win32.ActiveCfg = Debug|Win32
		{2BA73DAA-A61C-4E68-99A1-8D959DE5EB74}.Debug Zanthic|Win32.ActiveCfg = Debug|Win32
		{2BA73DAA-A61C-4E68-99A1-8D959DE5EB74}.Release Castor|Win32.ActiveCfg = Release|Win32
		{2BA73DAA-A61C-4E68-99A1-8D959DE5EB74}.Release Embedded Intelligence|Win32.ActiveCfg = Release|Win32
		{2BA73DAA-A61C-4E68-99A1-8D959DE5EB74}.Release EMS|Win32.ActiveCfg = Release|Win32
		{2BA73DAA-A61C-4E68-99A1-8D959DE5EB74}.Release Kvaser|Win32.ActiveCfg = Release|Win32
		{2BA73DAA-A61C-4E68-99A1-8D959DE5EB74}.Release Lawicel RS232|Win32.ActiveCfg = Release|Win32
		{2BA73DAA-A61C-4E68-99A1-8D959DE5EB74}.Release Lawicel USB|Win32.ActiveCfg = Release|Win32
		{2BA73DAA-A61C-4E68-99A1-8D959DE5EB74}.Release Lawicel USB|Win32.Build.0 = Release|Win32
		{2BA73DAA-A61C-4E68-99A1-8D959DE5EB74}.Release PEAK|Win32.ActiveCfg = Release|Win32
		{2BA73DAA-A61C-4E68-99A1-8D959DE5EB74}.Release TinyCAN|Win32.ActiveCfg = Release|Win32
		{2BA73DAA-A61C-4E68-99A1-8D959DE5EB74}.Release Zanthic|Win32.ActiveCfg = Release|Win32
		{6B048E62-0E01-401E-8EE9-3D4F15BC69F3}.Debug Castor|Win32.ActiveCfg = Debug|Win32
		{6B048E62-0E01-401E-8EE9-3D4F15BC69F3}.Debug Castor|Win32.Build.0 = Debug|Win32
		{6B048E62-0E01-401E-8EE9-3D4F15BC69F3}.Debug Embedded Intelligence|Win32.ActiveCfg = Debug|Win32
		{6B048E62-0E01-401E-8EE9-3D4F15BC69F3}.Debug EMS|Win32.ActiveCfg = Debug|Win32
		{6B048E62-0E01-401E-8EE9-3D4F15BC69F3}.Debug Ixxat|Win32.ActiveCfg = Debug|Win32
		{6B048E62-0E01-401E-8EE9-3D4F15BC69F3}.Debug Kvaser|Win32.ActiveCfg = Debug|Win32
		{6B048E62-0E01-401E-8EE9-3D4F15BC69F3}.Debug Lawicel RS232|Win32.ActiveCfg = Debug|Win32
		{6B048E62-0E01-401E-8EE9-3D4F15BC69F3}.Debug Lawicel USB|Win32.ActiveCfg = Debug|Win32
		{6B048E62-0E01-401E-8EE9-3D4F15BC69F3}.Debug PEAK|Win32.ActiveCfg = Debug|Win32
		{6B048E62-0E01-401E-8EE9-3D4F15BC69F3}.Debug TinyCAN|Win32.ActiveCfg = Debug|Win32
		{6B048E62-0E01-401E-8EE9-3D4F15BC69F3}.Debug Zanthic|Win32.ActiveCfg = Debug|Win32
		{6B048E62-0E01-401E-8EE9-3D4F15BC69F3}.Release Castor|Win32.ActiveCfg = Release|Win32
		{6B048E62-0E01-401E-8EE9-3D4F15BC69F3}.Release Castor|Win32.Build.0 = Release|Win32
		{6B048E62-0E01-401E-8EE9-3D4F15BC69F3}.Release Embedded Intelligence|Win32.ActiveCfg = Release|Win32
		{6B048E62-0E01-401E-8EE9-3D4F15BC69F3}.Release EMS|Win32.ActiveCfg = Release|Win32
		{6B048E62-0E01-401E-8EE9-3D4F15BC69F3}.Release Kvaser|Win32.ActiveCfg = Release|Win32
		{6B048E62-0E01-401E-8EE9-3D4F15BC69F3}.Release Lawicel RS232|Win32.ActiveCfg = Release|Win32
		{6B048E62-0E01-401E-8EE9-3D4F15BC69F3}.Release Lawicel USB|Win32.ActiveCfg = Release|Win32
		{6B048E62-0E01-401E-8EE9-3D4F15BC69F3}.Release PEAK|Win32.ActiveCfg = Release|Win32
		{6B048E62-0E01-401E-8EE9-3D4F15BC69F3}.Release TinyCAN|Win32.ActiveCfg = Release|Win32
		{6B048E62-0E01-401E-8EE9-3D4F15BC69F3}.Release Zanthic|Win32.ActiveCfg = Release|Win32
		{B257F58E-9C1E-4A40-AC63-9621ED16147E}.Debug Castor|Win32.ActiveCfg = Debug|Win32
		{B257F58E-9C1E-4A40-AC63-9621ED16147E}.Debug Embedded Intelligence|Win32.ActiveCfg = Debug|Win32
		{B257F58E-9C1E-4A40-AC63-9621ED16147E}.Debug EMS|Win32.ActiveCfg = Debug|Win32
		{B257F58E-9C1E-4A40-AC63-9621ED16147E}.Debug Ixxat|Win32.ActiveCfg = Debug|Win32
		{B257F58E-9C1E-4A40-AC63-9621ED16147E}.Debug Kvaser|Win32.ActiveCfg = Debug|Win32
		{B257F58E-9C1E-4A40-AC63-9621ED16147E}.Debug Lawicel RS232|Win32.ActiveCfg = Debug|Win32
		{B257F58E-9C1E-4A40-AC63-9621ED16147E}.Debug Lawicel USB|Win32.ActiveCfg = Debug|Win32
		{B257F58E-9C1E-4A40-AC63-9621ED16147E}.Debug PEAK|Win32.ActiveCfg = Debug|Win32
		{B257F58E-9C1E-4A40-AC63-9621ED16147E}.Debug PEAK|Win32.Build.0 = Debug|Win32
		{B257F58E-9C1E-4A40-AC63-9621ED16147E}.Debug TinyCAN|Win32.ActiveCfg = Debug|Win32
		{B257F58E-9C1E-4A40-AC63-9621ED16147E}.Debug Zanthic|Win32.ActiveCfg = Debug|Win32
		{B257F58E-9C1E-4A40-AC63-9621ED16147E}.Release Castor|Win32.ActiveCfg = Release|Win32
		{B257F58E-9C1E-4A40-AC63-9621ED16147E}.Release Embedded Intelligence|Win32.ActiveCfg = Release|Win32
		{B257F58E-9C1E-4A40-AC63-9621ED16147E}.Release EMS|Win32.ActiveCfg = Release|Win32
		{B257F58E-9C1E-4A40-AC63-9621ED16147E}.Release Kvaser|Win32.ActiveCfg = Release|Win32
		{B257F58E-9C1E-4A40-AC63-9621ED16147E}.Release Lawicel RS232|Win32.ActiveCfg = Release|Win32
		{B257F58E-9C1E-4A40-AC63-9621ED16147E}.Release Lawicel USB|Win32.ActiveCfg = Release|Win32
		{B257F58E-9C1E-4A40-AC63-9621ED16147E}.Release PEAK|Win32.ActiveCfg = Release|Win32
		{B257F58E-9C1E-4A40-AC63-9621ED16147E}.Release PEAK|Win32.Build.0 = Release|Win32
		{B257F58E-9C1E-4A40-AC63-9621ED16147E}.Release TinyCAN|Win32.ActiveCfg = Release|Win32
		{B257F58E-9C1E-4A40-AC63-9621ED16147E}.Release Zanthic|Win32.ActiveCfg = Release|Win32
		{FC5F32FD-5008-478B-9D83-A1B75752BCC0}.Debug Castor|Win32.ActiveCfg = Debug|Win32
		{FC5F32FD-5008-478B-9D83-A1B75752BCC0}.Debug Embedded Intelligence|Win32.ActiveCfg = Debug|Win32
		{FC5F32FD-5008-478B-9D83-A1B75752BCC0}.Debug EMS|Win32.ActiveCfg = Debug|Win32
		{FC5F32FD-5008-478B-9D83-A1B75752BCC0}.Debug Ixxat|Win32.ActiveCfg = Debug|Win32
		{FC5F32FD-5008-478B-9D83-A1B75752BCC0}.Debug Kvaser|Win32.ActiveCfg = Debug|Win32
		{FC5F32FD-5008-478B-9D83-A1B75752BCC0}.Debug Lawicel RS232|Win32.ActiveCfg = Debug|Win32
		{FC5F32FD-5008-478B-9D83-A1B75752BCC0}.Debug Lawicel USB|Win32.ActiveCfg = Debug|Win32
		{FC5F32FD-5008-478B-9D83-A1B75752BCC0}.Debug PEAK|Win32.ActiveCfg = Debug|Win32
		{FC5F32FD-5008-478B-9D83-A1B75752BCC0}.Debug TinyCAN|Win32.ActiveCfg = Debug|Win32
		{FC5F32FD-5008-478B-9D83-A1B75752BCC0}.Debug TinyCAN|Win32.Build.0 = Debug|Win32
		{FC5F32FD-5008-478B-9D83-A1B75752BCC0}.Debug Zanthic|Win32.ActiveCfg = Debug|Win32
		{FC5F32FD-5008-478B-9D83-A1B75752BCC0}.Release Castor|Win32.ActiveCfg = Release|Win32
		{FC5F32FD-5008-478B-9D83-A1B75752BCC0}.Release Embedded Intelligence|Win32.ActiveCfg = Release|Win32
		{FC5F32FD-5008-478B-9D83-A1B75752BCC0}.Release EMS|Win32.ActiveCfg = Release|Win32
		{FC5F32FD-5008-478B-9D83-A1B75752BCC0}.Release Kvaser|Win32.ActiveCfg = Release|Win32
		{FC5F32FD-5008-478B-9D83-A1B75752BCC0}.Release Lawicel RS232|Win32.ActiveCfg = Release|Win32
		{FC5F32FD-5008-478B-9D83-A1B75752BCC0}.Release Lawicel USB|Win32.ActiveCfg = Release|Win32
		{FC5F32FD-5008-478B-9D83-A1B75752BCC0}.Release PEAK|Win32.ActiveCfg = Release|Win32
		{FC5F32FD-5008-478B-9D83-A1B75752BCC0}.Release TinyCAN|Win32.ActiveCfg = Release|Win32
		{FC5F32FD-5008-478B-9D83-A1B75752BCC0}.Release TinyCAN|Win32.Build.0 = Release|Win32
		{FC5F32FD-5008-478B-9D83-A1B75752BCC0}.Release Zanthic|Win32.ActiveCfg = Release|Win32
		{E15E37A8-317C-4CF2-AC93-928465CC20B4}.Debug Castor|Win32.ActiveCfg = Debug|Win32
		{E15E37A8-317C-4CF2-AC93-928465CC20B4}.Debug Embedded Intelligence|Win32.ActiveCfg = Debug|Win32
		{E15E37A8-317C-4CF2-AC93-928465CC20B4}.Debug EMS|Win32.ActiveCfg = Debug|Win32
		{E15E37A8-317C-4CF2-AC93-928465CC20B4}.Debug Ixxat|Win32.ActiveCfg = Debug|Win32
		{E15E37A8-317C-4CF2-AC93-928465CC20B4}.Debug Kvaser|Win32.ActiveCfg = Debug|Win32
		{E15E37A8-317C-4CF2-AC93-928465CC20B4}.Debug Lawicel RS232|Win32.ActiveCfg = Debug|Win32
		{E15E37A8-317C-4CF2-AC93-928465CC20B4}.Debug Lawicel USB|Win32.ActiveCfg = Debug|Win32
		{E15E37A8-317C-4CF2-AC93-928465CC20B4}.Debug PEAK|Win32.ActiveCfg = Debug|Win32
		{E15E37A8-317C-4CF2-AC93-928465CC20B4}.Debug TinyCAN|Win32.ActiveCfg = Debug|Win32
		{E15E37A8-317C-4CF2-AC93-928465CC20B4}.Debug Zanthic|Win32.ActiveCfg = Debug|Win32
		{E15E37A8-317C-4CF2-AC93-928465CC20B4}.Debug Zanthic|Win32.Build.0 = Debug|Win32
		{E15E37A8-317C-4CF2-AC93-928465CC20B4}.Release Castor|Win32.ActiveCfg = Release|Win32
		{E15E37A8-317C-4CF2-AC93-928465CC20B4}.Release Embedded Intelligence|Win32.ActiveCfg = Release|Win32
		{E15E37A8-317C-4CF2-AC93-928465CC20B4}.Release EMS|Win32.ActiveCfg = Release|Win32
		{E15E37A8-317C-4CF2-AC93-928465CC20B4}.Release Kvaser|Win32.ActiveCfg = Release|Win32
		{E15E37A8-317C-4CF2-AC93-928465CC20B4}.Release Lawicel RS232|Win32.ActiveCfg = Release|Win32
		{E15E37A8-317C-4CF2-AC93-928465CC20B4}.Release Lawicel USB|Win32.ActiveCfg = Release|Win32
		{E15E37A8-317C-4CF2-AC93-928465CC20B4}.Release PEAK|Win32.ActiveCfg = Release|Win32
		{E15E37A8-317C-4CF2-AC93-928465CC20B4}.Release TinyCAN|Win32.ActiveCfg = Release|Win32
		{E15E37A8-317C-4CF2-AC93-928465CC20B4}.Release Zanthic|Win32.ActiveCfg = Release|Win32
		{E15E37A8-317C-4CF2-AC93-928465CC20B4}.Release Zanthic|Win32.Build.0 = Release|Win32
		{FF417857-733A-49CD-84F8-8A7568897CDC}.Debug Castor|Win32.ActiveCfg = Debug|Win32
		{FF417857-733A-49CD-84F8-8A7568897CDC}.Debug Castor|Win32.Build.0 = Debug|Win32
		{FF417857-733A-49CD-84F8-8A7568897CDC}.Debug Embedded Intelligence|Win32.ActiveCfg = Debug|Win32
		{FF417857-733A-49CD-84F8-8A7568897CDC}.Debug Embedded Intelligence|Win32.Build.0 = Debug|Win32
		{FF417857-733A-49CD-84F8-8A7568897CDC}.Debug EMS|Win32.ActiveCfg = Debug|Win32
		{FF417857-733A-49CD-84F8-8A7568897CDC}.Debug EMS|Win32.Build.0 = Debug|Win32
		{FF417857-733A-49CD-84F8-8A7568897CDC}.Debug Ixxat|Win32.ActiveCfg = Debug|Win32
		{FF417857-733A-49CD-84F8-8A7568897CDC}.Debug Ixxat|Win32.Build.0 = Debug|Win32
		{FF417857-733A-49CD-84F8-8A7568897CDC}.Debug Kvaser|Win32.ActiveCfg = Debug|Win32
		{FF417857-733A-49CD-84F8-8A7568897CDC}.Debug Kvaser|Win32.Build.0 = Debug|Win32
		{FF417857-733A-49CD-84F8-8A7568897CDC}.Debug Lawicel RS232|Win32.ActiveCfg = Debug|Win32
		{FF417857-733A-49CD-84F8-8A7568897CDC}.Debug Lawicel RS232|Win32.Build.0 = Debug|Win32
		{FF417857-733A-49CD-84F8-8A7568897CDC}.Debug Lawicel USB|Win32.ActiveCfg = Debug|Win32
		{FF417857-733A-49CD-84F8-8A7568897CDC}.Debug Lawicel USB|Win32.Build.0 = Debug|Win32
		{FF417857-733A-49CD-84F8-8A7568897CDC}.Debug PEAK|Win32.ActiveCfg = Debug|Win32
		{FF417857-733A-49CD-84F8-8A7568897CDC}.Debug PEAK|Win32.Build.0 = Debug|Win32
		{FF417857-733A-49CD-84F8-8A7568897CDC}.Debug TinyCAN|Win32.ActiveCfg = Debug|Win32
		{FF417857-733A-49CD-84F8-8A7568897CDC}.Debug TinyCAN|Win32.Build.0 = Debug|Win32
		{FF417857-733A-49CD-84F8-8A7568897CDC}.Debug Zanthic|Win32.ActiveCfg = Debug|Win32
		{FF417857-733A-49CD-84F8-8A7568897CDC}.Debug Zanthic|Win32.Build.0 = Debug|Win32
		{FF417857-733A-49CD-84F8-8A7568897CDC}.Release Castor|Win32.ActiveCfg = Release|Win32
		{FF417857-733A-49CD-84F8-8A7568897CDC}.Release Castor|Win32.Build.0 = Release|Win32
		{FF417857-733A-49CD-84F8-8A7568897CDC}.Release Embedded Intelligence|Win32.ActiveCfg = Release|Win32
		{FF417857-733A-49CD-84F8-8A7568897CDC}.Release Embedded Intelligence|Win32.Build.0 = Release|Win32
		{FF417857-733A-49CD-84F8-8A7568897CDC}.Release EMS|Win32.ActiveCfg = Release|Win32
		{FF417857-733A-49CD-84F8-8A7568897CDC}.Release EMS|Win32.Build.0 = Release|Win32
		{FF417857-733A-49CD-84F8-8A7568897CDC}.Release Kvaser|Win32.ActiveCfg = Release|Win32
		{FF417857-733A-49CD-84F8-8A7568897CDC}.Release Kvaser|Win32.Build.0 = Release|Win32
		{FF417857-733A-49CD-84F8-8A7568897CDC}.Release Lawicel RS232|Win32.ActiveCfg = Release|Win32
		{FF417857-733A-49CD-84F8-8A7568897CDC}.Release Lawicel RS232|Win32.Build.0 = Release|Win32
		{FF417857-733A-49CD-84F8-8A7568897CDC}.Release Lawicel USB|Win32.ActiveCfg = Release|Win32
		{FF417857-733A-49CD-84F8-8A7568897CDC}.Release Lawicel USB|Win32.Build.0 = Release|Win32
		{FF417857-733A-49CD-84F8-8A7568897CDC}.Release PEAK|Win32.ActiveCfg = Release|Win32
		{FF417857-733A-49CD-84F8-8A7568897CDC}.Release PEAK|Win32.Build.0 = Release|Win32
		{FF417857-733A-49CD-84F8-8A7568897CDC}.Release TinyCAN|Win32.ActiveCfg = Release|Win32
		{FF417857-733A-49CD-84F8-8A7568897CDC}.Release TinyCAN|Win32.Build.0 = Release|Win32
		{FF417857-733A-49CD-84F8-8A7568897CDC}.Release Zanthic|Win32.ActiveCfg = Release|Win32
		{FF417857-733A-49CD-84F8-8A7568897CDC}.Release Zanthic|Win32.Build.0 = Release|Win32
		{9EDCD498-21A1-4960-AE0E-C2E445DDC395}.Debug Castor|Win32.ActiveCfg = Debug|Win32
		{9EDCD498-21A1-4960-AE0E-C2E445DDC395}.Debug Castor|Win32.Build.0 = Debug|Win32
		{9EDCD498-21A1-4960-AE0E-C2E445DDC395}.Debug Embedded Intelligence|Win32.ActiveCfg = Debug|Win32
		{9EDCD498-21A1-4960-AE0E-C2E445DDC395}.Debug Embedded Intelligence|Win32.Build.0 = Debug|Win32
		{9EDCD498-21A1-4960-AE0E-C2E445DDC395}.Debug EMS|Win32.ActiveCfg = Debug|Win32
		{9EDCD498-21A1-4960-AE0E-C2E445DDC395}.Debug EMS|Win32.Build.0 = Debug|Win32
		{9EDCD498-21A1-4960-AE0E-C2E445DDC395}.Debug Ixxat|Win32.ActiveCfg = Debug|Win32
		{9EDCD498-21A1-4960-AE0E-C2E445DDC395}.Debug Ixxat|Win32.Build.0 = Debug|Win32
		{9EDCD498-21A1-4960-AE0E-C2E445DDC395}.Debug Kvaser|Win32.ActiveCfg = Debug|Win32
		{9EDCD498-21A1-4960-AE0E-C2E445DDC395}.Debug Kvaser|Win32.Build.0 = Debug|Win32
		{9EDCD498-21A1-4960-AE0E-C2E445DDC395}.Debug Lawicel RS232|Win32.ActiveCfg = Debug|Win32
		{9EDCD498-21A1-4960-AE0E-C2E445DDC395}.Debug Lawicel RS232|Win32.Build.0 = Debug|Win32
		{9EDCD498-21A1-4960-AE0E-C2E445DDC395}.Debug Lawicel USB|Win32.ActiveCfg = Debug|Win32
		{9EDCD498-21A1-4960-AE0E-C2E445DDC395}.Debug Lawicel USB|Win32.Build.0 = Debug|Win32
		{9EDCD498-21A1-4960-AE0E-C2E445DDC395}.Debug PEAK|Win32.ActiveCfg = Debug|Win32
		{9EDCD498-21A1-4960-AE0E-C2E445DDC395}.Debug PEAK|Win32.Build.0 = Debug|Win32
		{9EDCD498-21A1-4960-AE0E-C2E445DDC395}.Debug TinyCAN|Win32.ActiveCfg = Debug|Win32
		{9EDCD498-21A1-4960-AE0E-C2E445DDC395}.Debug TinyCAN|Win32.Build.0 = Debug|Win32
		{9EDCD498-21A1-4960-AE0E-C2E445DDC395}.Debug Zanthic|Win32.ActiveCfg = Debug|Win32
		{9EDCD498-21A1-4960-AE0E-C2E445DDC395}.Debug Zanthic|Win32.Build.0 = Debug|Win32
		{9EDCD498-21A1-4960-AE0E-C2E445DDC395}.Release Castor|Win32.ActiveCfg = Release|Win32
		{9EDCD498-21A1-4960-AE0E-C2E445DDC395}.Release Castor|Win32.Build.0 = Release|Win32
		{9EDCD498-21A1-4960-AE0E-C2E445DDC395}.Release Embedded Intelligence|Win32.ActiveCfg = Release|Win32
		{9EDCD498-21A1-4960-AE0E-C2E445DDC395}.Release Embedded Intelligence|Win32.Build.0 = Release|Win32
		{9EDCD498-21A1-4960-AE0E-C2E445DDC395}.Release EMS|Win32.ActiveCfg = Release|Win32
		{9EDCD498-21A1-4960-AE0E-C2E445DDC395}.Release EMS|Win32.Build.0 = Release|Win32
		{9EDCD498-21A1-4960-AE0E-C2E445DDC395}.Release Kvaser|Win32.ActiveCfg = Release|Win32
		{9EDCD498-21A1-4960-AE0E-C2E445DDC395}.Release Kvaser|Win32.Build.0 = Release|Win32
		{9EDCD498-21A1-4960-AE0E-C2E445DDC395}.Release Lawicel RS232|Win32.ActiveCfg = Release|Win32
		{9EDCD498-21A1-4960-AE0E-C2E445DDC395}.Release Lawicel RS232|Win32.Build.0 = Release|Win32
		{9EDCD498-21A1-4960-AE0E-C2E445DDC395}.Release Lawicel USB|Win32.ActiveCfg = Release|Win32
		{9EDCD498-21A1-4960-AE0E-C2E445DDC395}.Release Lawicel USB|Win32.Build.0 = Release|Win32
		{9EDCD498-21A1-4960-AE0E-C2E445DDC395}.Release PEAK|Win32.ActiveCfg = Release|Win32
		{9EDCD498-21A1-4960-AE0E-C2E445DDC395}.Release PEAK|Win32.Build.0 = Release|Win32
		{9EDCD498-21A1-4960-AE0E-C2E445DDC395}.Release TinyCAN|Win32.ActiveCfg = Release|Win32
		{9EDCD498-21A1-4960-AE0E-C2E445DDC395}.Release TinyCAN|Win32.Build.0 = Release|Win32
		{9EDCD498-21A1-4960-AE0E-C2E445DDC395}.Release Zanthic|Win32.ActiveCfg = Release|Win32
		{9EDCD498-21A1-4960-AE0E-C2E445DDC395}.Release Zanthic|Win32.Build.0 = Release|Win32
		{54DDACC0-E19B-41D4-8235-6DA310F4D670}.Debug Castor|Win32.ActiveCfg = Debug|Win32
		{54DDACC0-E19B-41D4-8235-6DA310F4D670}.Debug Castor|Win32.Build.0 = Debug|Win32
		{54DDACC0-E19B-41D4-8235-6DA310F4D670}.Debug Embedded Intelligence|Win32.ActiveCfg = Debug|Win32
		{54DDACC0-E19B-41D4-8235-6DA310F4D670}.Debug Embedded Intelligence|Win32.Build.0 = Debug|Win32
		{54DDACC0-E19B-41D4-8235-6DA310F4D670}.Debug EMS|Win32.ActiveCfg = Debug|Win32
		{54DDACC0-E19B-41D4-8235-6DA310F4D670}.Debug EMS|Win32.Build.0 = Debug|Win32
		{54DDACC0-E19B-41D4-8235-6DA310F4D670}.Debug Ixxat|Win32.ActiveCfg = Debug|Win32
		{54DDACC0-E19B-41D4-8235-6DA310F4D670}.Debug Ixxat|Win32.Build.0 = Debug|Win32
		{54DDACC0-E19B-41D4-8235-6DA310F4D670}.Debug Kvaser|Win32.ActiveCfg = Debug|Win32
		{54DDACC0-E19B-41D4-8235-6DA310F4D670}.Debug Kvaser|Win32.Build.0 = Debug|Win32
		{54DDACC0-E19B-41D4-8235-6DA310F4D670}.Debug Lawicel RS232|Win32.ActiveCfg = Debug|Win32
		{54DDACC0-E19B-41D4-8235-6DA310F4D670}.Debug Lawicel RS232|Win32.Build.0 = Debug|Win32
		{54DDACC0-E19B-41D4-8235-6DA310F4D670}.Debug Lawicel USB|Win32.ActiveCfg = Debug|Win32
		{54DDACC0-E19B-41D4-8235-6DA310F4D670}.Debug Lawicel USB|Win32.Build.0 = Debug|Win32
		{54DDACC0-E19B-41D4-8235-6DA310F4D670}.Debug PEAK|Win32.ActiveCfg = Debug|Win32
		{54DDACC0-E19B-41D4-8235-6DA310F4D670}.Debug PEAK|Win32.Build.0 = Debug|Win32
		{54DDACC0-E19B-41D4-8235-6DA310F4D670}.Debug TinyCAN|Win32.ActiveCfg = Debug|Win32
		{54DDACC0-E19B-41D4-8235-6DA310F4D670}.Debug TinyCAN|Win32.Build.0 = Debug|Win32
		{54DDACC0-E19B-41D4-8235-6DA310F4D670}.Debug Zanthic|Win32.ActiveCfg = Debug|Win32
		{54DDACC0-E19B-41D4-8235-6DA310F4D670}.Debug Zanthic|Win32.Build.0 = Debug|Win32
		{54DDACC0-E19B-41D4-8235-6DA310F4D670}.Release Castor|Win32.ActiveCfg = Release|Win32
		{54DDACC0-E19B-41D4-8235-6DA310F4D670}.Release Castor|Win32.Build.0 = Release|Win32
		{54DDACC0-E19B-41D4-8235-6DA310F4D670}.Release Embedded Intelligence|Win32.ActiveCfg = Release|Win32
		{54DDACC0-E19B-41D4-8235-6DA310F4D670}.Release Embedded Intelligence|Win32.Build.0 = Release|Win32
		{54DDACC0-E19B-41D4-8235-6DA310F4D670}.Release EMS|Win32.ActiveCfg = Release|Win32
		{54DDACC0-E19B-41D4-8235-6DA310F4D670}.Release EMS|Win32.Build.0 = Release|Win32
		{54DDACC0-E19B-41D4-8235-6DA310F4D670}.Release Kvaser|Win32.ActiveCfg = Release|Win32
		{54DDACC0-E19B-41D4-8235-6DA310F4D670}.Release Kvaser|Win32.Build.0 = Release|Win32
		{54DDACC0-E19B-41D4-8235-6DA310F4D670}.Release Lawicel RS232|Win32.ActiveCfg = Release|Win32
		{54DDACC0-E19B-41D4-8235-6DA310F4D670}.Release Lawicel RS232|Win32.Build.0 = Release|Win32
		{54DDACC0-E19B-41D4-8235-6DA310F4D670}.Release Lawicel USB|Win32.ActiveCfg = Release|Win32
		{54DDACC0-E19B-41D4-8235-6DA310F4D670}.Release Lawicel USB|Win32.Build.0 = Release|Win32
		{54DDACC0-E19B-41D4-8235-6DA310F4D670}.Release PEAK|Win32.ActiveCfg = Release|Win32
		{54DDACC0-E19B-41D4-8235-6DA310F4D670}.Release PEAK|Win32.Build.0 = Release|Win32
		{54DDACC0-E19B-41D4-8235-6DA310F4D670}.Release TinyCAN|Win32.ActiveCfg = Release|Win32
		{54DDACC0-E19B-41D4-8235-6DA310F4D670}.Release TinyCAN|Win32.Build.0 = Release|Win32
		{54DDACC0-E19B-41D4-8235-6DA310F4D670}.Release Zanthic|Win32.ActiveCfg = Release|Win32
		{54DDACC0-E19B-41D4-8235-6DA310F4D670}.Release Zanthic|Win32.Build.0 = Release|Win32
		{BC684197-43CB-4B3D-B7BF-67D8FB6C2CA7}.Debug Castor|Win32.ActiveCfg = Debug|Win32
		{BC684197-43CB-4B3D-B7BF-67D8FB6C2CA7}.Debug Embedded Intelligence|Win32.ActiveCfg = Debug|Win32
		{BC684197-43CB-4B3D-B7BF-67D8FB6C2CA7}.Debug EMS|Win32.ActiveCfg = Debug|Win32
		{BC684197-43CB-4B3D-B7BF-67D8FB6C2CA7}.Debug Ixxat|Win32.ActiveCfg = Debug|Win32
		{BC684197-43CB-4B3D-B7BF-67D8FB6C2CA7}.Debug Ixxat|Win32.Build.0 = Debug|Win32
		{BC684197-43CB-4B3D-B7BF-67D8FB6C2CA7}.Debug Kvaser|Win32.ActiveCfg = Debug|Win32
		{BC684197-43CB-4B3D-B7BF-67D8FB6C2CA7}.Debug Lawicel RS232|Win32.ActiveCfg = Debug|Win32
		{BC684197-43CB-4B3D-B7BF-67D8FB6C2CA7}.Debug Lawicel USB|Win32.ActiveCfg = Debug|Win32
		{BC684197-43CB-4B3D-B7BF-67D8FB6C2CA7}.Debug PEAK|Win32.ActiveCfg = Debug|Win32
		{BC684197-43CB-4B3D-B7BF-67D8FB6C2CA7}.Debug TinyCAN|Win32.ActiveCfg = Debug|Win32
		{BC684197-43CB-4B3D-B7BF-67D8FB6C2CA7}.Debug Zanthic|Win32.ActiveCfg = Debug|Win32
		{BC684197-43CB-4B3D-B7BF-67D8FB6C2CA7}.Release Castor|Win32.ActiveCfg = Release|Win32
		{BC684197-43CB-4B3D-B7BF-67D8FB6C2CA7}.Release Embedded Intelligence|Win32.ActiveCfg = Release|Win32
		{BC684197-43CB-4B3D-B7BF-67D8FB6C2CA7}.Release EMS|Win32.ActiveCfg = Release|Win32
		{BC684197-43CB-4B3D-B7BF-67D8FB6C2CA7}.Release Kvaser|Win32.ActiveCfg = Release|Win32
		{BC684197-43CB-4B3D-B7BF-67D8FB6C2CA7}.Release Lawicel RS232|Win32.ActiveCfg = Release|Win32
		{BC684197-43CB-4B3D-B7BF-67D8FB6C2CA7}.Release Lawicel USB|Win32.ActiveCfg = Release|Win32
		{BC684197-43CB-4B3D-B7BF-67D8FB6C2CA7}.Release PEAK|Win32.ActiveCfg = Release|Win32
		{BC684197-43CB-4B3D-B7BF-67D8FB6C2CA7}.Release TinyCAN|Win32.ActiveCfg = Release|Win32
		{BC684197-43CB-4B3D-B7BF-67D8FB6C2CA7}.Release Zanthic|Win32.ActiveCfg = Release|Win32
		{487AE379-0BF5-4E2B-9272-59847D48735F}.Debug Castor|Win32.ActiveCfg = Debug|Win32
		{487AE379-0BF5-4E2B-9272-59847D48735F}.Debug Embedded Intelligence|Win32.ActiveCfg = Debug|Win32
		{487AE379-0BF5-4E2B-9272-59847D48735F}.Debug Embedded Intelligence|Win32.Build.0 = Debug|Win32
		{487AE379-0BF5-4E2B-9272-59847D48735F}.Debug EMS|Win32.ActiveCfg = Debug|Win32
		{487AE379-0BF5-4E2B-9272-59847D48735F}.Debug Ixxat|Win32.ActiveCfg = Debug|Win32
		{487AE379-0BF5-4E2B-9272-59847D48735F}.Debug Kvaser|Win32.ActiveCfg = Debug|Win32
		{487AE379-0BF5-4E2B-9272-59847D48735F}.Debug Lawicel RS232|Win32.ActiveCfg = Debug|Win32
		{487AE379-0BF5-4E2B-9272-59847D48735F}.Debug Lawicel USB|Win32.ActiveCfg = Debug|Win32
		{487AE379-0BF5-4E2B-9272-59847D48735F}.Debug PEAK|Win32.ActiveCfg = Debug|Win32
		{487AE379-0BF5-4E2B-9272-59847D48735F}.Debug TinyCAN|Win32.ActiveCfg = Debug|Win32
		{487AE379-0BF5-4E2B-9272-59847D48735F}.Debug Zanthic|Win32.ActiveCfg = Debug|Win32
		{487AE379-0BF5-4E2B-9272-59847D48735F}.Release Castor|Win32.ActiveCfg = Release|Win32
		{487AE379-0BF5-4E2B-9272-59847D48735F}.Release Embedded Intelligence|Win32.ActiveCfg = Release|Win32
		{487AE379-0BF5-4E2B-9272-59847D48735F}.Release Embedded Intelligence|Win32.Build.0 = Release|Win32
		{487AE379-0BF5-4E2B-9272-59847D48735F}.Release EMS|Win32.ActiveCfg = Release|Win32
		{487AE379-0BF5-4E2B-9272-59847D48735F}.Release Kvaser|Win32.ActiveCfg = Release|Win32
		{487AE379-0BF5-4E2B-9272-59847D48735F}.Release Lawicel RS232|Win32.ActiveCfg = Release|Win32
		{487AE379-0BF5-4E2B-9272-59847D48735F}.Release Lawicel USB|Win32.ActiveCfg = Release|Win32
		{487AE379-0BF5-4E2B-9272-59847D48735F}.Release PEAK|Win32.ActiveCfg = Release|Win32
		{487AE379-0BF5-4E2B-9272-59847D48735F}.Release TinyCAN|Win32.ActiveCfg = Release|Win32
		{487AE379-0BF5-4E2B-9272-59847D48735F}.Release Zanthic|Win32.ActiveCfg = Release|Win32
	EndGlobalSection
	GlobalSection(SolutionProperties) = preSolution
		HideSolutionNode = FALSE
	EndGlobalSection
EndGlobal
