
Microsoft Visual Studio Solution File, Format Version 12.00
# Visual Studio 2012
Project("{8BC9CEB8-8B4A-11D0-8D11-00A0C91BC942}") = "canopenlib64.dll", "..\..\visual_studio\canopenlib32_dll\canopen_stack_VS2012_x64.vcxproj", "{9EDCD498-21A1-4960-AE0E-C2E445DDC395}"
	ProjectSection(ProjectDependencies) = postProject
		{87506536-AB5E-4D66-8288-2961FCECF3B8} = {87506536-AB5E-4D66-8288-2961FCECF3B8}
	EndProjectSection
EndProject
Project("{8BC9CEB8-8B4A-11D0-8D11-00A0C91BC942}") = "canopenlib64_NET.dll (C++ to C Sharp wrapper)", "..\..\visual_studio\canopenlib32_NET_dll\canopenlib64_NET_VS2012.vcxproj", "{54DDACC0-E19B-41D4-8235-6DA310F4D670}"
	ProjectSection(ProjectDependencies) = postProject
		{87506536-AB5E-4D66-8288-2961FCECF3B8} = {87506536-AB5E-4D66-8288-2961FCECF3B8}
		{9EDCD498-21A1-4960-AE0E-C2E445DDC395} = {9EDCD498-21A1-4960-AE0E-C2E445DDC395}
	EndProjectSection
EndProject
Project("{8BC9CEB8-8B4A-11D0-8D11-00A0C91BC942}") = "canopenlib64_hw.dll (KVASER CANlib)", "..\..\visual_studio\plug_in_canlib32\canopenlib64_hw_VS2012.vcxproj", "{87506536-AB5E-4D66-8288-2961FCECF3B8}"
EndProject
Project("{8BC9CEB8-8B4A-11D0-8D11-00A0C91BC942}") = "Test_application_1 (CPP console)", "..\..\visual_studio\canopen_console_test_CPP\console_test_cpp_VS2012_x64.vcxproj", "{FF417857-733A-49CD-84F8-8A7568897CDC}"
	ProjectSection(ProjectDependencies) = postProject
		{87506536-AB5E-4D66-8288-2961FCECF3B8} = {87506536-AB5E-4D66-8288-2961FCECF3B8}
		{9EDCD498-21A1-4960-AE0E-C2E445DDC395} = {9EDCD498-21A1-4960-AE0E-C2E445DDC395}
	EndProjectSection
EndProject
Project("{FAE04EC0-301F-11D3-BF4B-00C04F79EFBC}") = "WINDOWS DEMO APPLICATION (.NET)_x64", "..\..\visual_studio\canopen_gui_test_NET\WINDOWS DEMO APPLICATION (.NET)_x64.csproj", "{275CE4F0-21BE-4D5C-BC6D-7C1412258B25}"
EndProject
Project("{FAE04EC0-301F-11D3-BF4B-00C04F79EFBC}") = "Test_application_2_x64 (CSharp console)", "..\..\visual_studio\canopen_console_test_NET\Test_application_2_x64 (CSharp console).csproj", "{A1A98567-6FD8-4AE2-AEF1-84B4AEA49A89}"
EndProject
Global
	GlobalSection(SolutionConfigurationPlatforms) = preSolution
		Debug|Mixed Platforms = Debug|Mixed Platforms
		Debug|Win32 = Debug|Win32
		Debug|x64 = Debug|x64
		Debug|x86 = Debug|x86
		Release|Mixed Platforms = Release|Mixed Platforms
		Release|Win32 = Release|Win32
		Release|x64 = Release|x64
		Release|x86 = Release|x86
	EndGlobalSection
	GlobalSection(ProjectConfigurationPlatforms) = postSolution
		{9EDCD498-21A1-4960-AE0E-C2E445DDC395}.Debug|Mixed Platforms.ActiveCfg = Debug|x64
		{9EDCD498-21A1-4960-AE0E-C2E445DDC395}.Debug|Mixed Platforms.Build.0 = Debug|x64
		{9EDCD498-21A1-4960-AE0E-C2E445DDC395}.Debug|Win32.ActiveCfg = Debug|x64
		{9EDCD498-21A1-4960-AE0E-C2E445DDC395}.Debug|x64.ActiveCfg = Debug|x64
		{9EDCD498-21A1-4960-AE0E-C2E445DDC395}.Debug|x86.ActiveCfg = Debug|x64
		{9EDCD498-21A1-4960-AE0E-C2E445DDC395}.Release|Mixed Platforms.ActiveCfg = Release|x64
		{9EDCD498-21A1-4960-AE0E-C2E445DDC395}.Release|Mixed Platforms.Build.0 = Release|x64
		{9EDCD498-21A1-4960-AE0E-C2E445DDC395}.Release|Win32.ActiveCfg = Release|x64
		{9EDCD498-21A1-4960-AE0E-C2E445DDC395}.Release|x64.ActiveCfg = Release|x64
		{9EDCD498-21A1-4960-AE0E-C2E445DDC395}.Release|x86.ActiveCfg = Release|x64
		{54DDACC0-E19B-41D4-8235-6DA310F4D670}.Debug|Mixed Platforms.ActiveCfg = Debug|x64
		{54DDACC0-E19B-41D4-8235-6DA310F4D670}.Debug|Mixed Platforms.Build.0 = Debug|x64
		{54DDACC0-E19B-41D4-8235-6DA310F4D670}.Debug|Win32.ActiveCfg = Debug|x64
		{54DDACC0-E19B-41D4-8235-6DA310F4D670}.Debug|x64.ActiveCfg = Debug|x64
		{54DDACC0-E19B-41D4-8235-6DA310F4D670}.Debug|x64.Build.0 = Debug|x64
		{54DDACC0-E19B-41D4-8235-6DA310F4D670}.Debug|x86.ActiveCfg = Debug|x64
		{54DDACC0-E19B-41D4-8235-6DA310F4D670}.Release|Mixed Platforms.ActiveCfg = Release|x64
		{54DDACC0-E19B-41D4-8235-6DA310F4D670}.Release|Mixed Platforms.Build.0 = Release|x64
		{54DDACC0-E19B-41D4-8235-6DA310F4D670}.Release|Win32.ActiveCfg = Release|x64
		{54DDACC0-E19B-41D4-8235-6DA310F4D670}.Release|x64.ActiveCfg = Release|x64
		{54DDACC0-E19B-41D4-8235-6DA310F4D670}.Release|x64.Build.0 = Release|x64
		{54DDACC0-E19B-41D4-8235-6DA310F4D670}.Release|x86.ActiveCfg = Release|x64
		{87506536-AB5E-4D66-8288-2961FCECF3B8}.Debug|Mixed Platforms.ActiveCfg = Debug|x64
		{87506536-AB5E-4D66-8288-2961FCECF3B8}.Debug|Mixed Platforms.Build.0 = Debug|x64
		{87506536-AB5E-4D66-8288-2961FCECF3B8}.Debug|Win32.ActiveCfg = Debug|x64
		{87506536-AB5E-4D66-8288-2961FCECF3B8}.Debug|x64.ActiveCfg = Debug|x64
		{87506536-AB5E-4D66-8288-2961FCECF3B8}.Debug|x64.Build.0 = Debug|x64
		{87506536-AB5E-4D66-8288-2961FCECF3B8}.Debug|x86.ActiveCfg = Debug|x64
		{87506536-AB5E-4D66-8288-2961FCECF3B8}.Release|Mixed Platforms.ActiveCfg = Release|x64
		{87506536-AB5E-4D66-8288-2961FCECF3B8}.Release|Mixed Platforms.Build.0 = Release|x64
		{87506536-AB5E-4D66-8288-2961FCECF3B8}.Release|Win32.ActiveCfg = Release|x64
		{87506536-AB5E-4D66-8288-2961FCECF3B8}.Release|x64.ActiveCfg = Release|x64
		{87506536-AB5E-4D66-8288-2961FCECF3B8}.Release|x64.Build.0 = Release|x64
		{87506536-AB5E-4D66-8288-2961FCECF3B8}.Release|x86.ActiveCfg = Release|x64
		{FF417857-733A-49CD-84F8-8A7568897CDC}.Debug|Mixed Platforms.ActiveCfg = Debug|x64
		{FF417857-733A-49CD-84F8-8A7568897CDC}.Debug|Mixed Platforms.Build.0 = Debug|x64
		{FF417857-733A-49CD-84F8-8A7568897CDC}.Debug|Win32.ActiveCfg = Debug|x64
		{FF417857-733A-49CD-84F8-8A7568897CDC}.Debug|x64.ActiveCfg = Debug|x64
		{FF417857-733A-49CD-84F8-8A7568897CDC}.Debug|x64.Build.0 = Debug|x64
		{FF417857-733A-49CD-84F8-8A7568897CDC}.Debug|x86.ActiveCfg = Debug|x64
		{FF417857-733A-49CD-84F8-8A7568897CDC}.Release|Mixed Platforms.ActiveCfg = Release|x64
		{FF417857-733A-49CD-84F8-8A7568897CDC}.Release|Mixed Platforms.Build.0 = Release|x64
		{FF417857-733A-49CD-84F8-8A7568897CDC}.Release|Win32.ActiveCfg = Release|x64
		{FF417857-733A-49CD-84F8-8A7568897CDC}.Release|x64.ActiveCfg = Release|x64
		{FF417857-733A-49CD-84F8-8A7568897CDC}.Release|x64.Build.0 = Release|x64
		{FF417857-733A-49CD-84F8-8A7568897CDC}.Release|x86.ActiveCfg = Release|x64
		{275CE4F0-21BE-4D5C-BC6D-7C1412258B25}.Debug|Mixed Platforms.ActiveCfg = Debug|x64
		{275CE4F0-21BE-4D5C-BC6D-7C1412258B25}.Debug|Mixed Platforms.Build.0 = Debug|x64
		{275CE4F0-21BE-4D5C-BC6D-7C1412258B25}.Debug|Mixed Platforms.Deploy.0 = Debug|x64
		{275CE4F0-21BE-4D5C-BC6D-7C1412258B25}.Debug|Win32.ActiveCfg = Debug|x86
		{275CE4F0-21BE-4D5C-BC6D-7C1412258B25}.Debug|Win32.Build.0 = Debug|x86
		{275CE4F0-21BE-4D5C-BC6D-7C1412258B25}.Debug|x64.ActiveCfg = Debug|x64
		{275CE4F0-21BE-4D5C-BC6D-7C1412258B25}.Debug|x64.Build.0 = Debug|x64
		{275CE4F0-21BE-4D5C-BC6D-7C1412258B25}.Debug|x86.ActiveCfg = Debug|x86
		{275CE4F0-21BE-4D5C-BC6D-7C1412258B25}.Debug|x86.Build.0 = Debug|x86
		{275CE4F0-21BE-4D5C-BC6D-7C1412258B25}.Release|Mixed Platforms.ActiveCfg = Release|x64
		{275CE4F0-21BE-4D5C-BC6D-7C1412258B25}.Release|Mixed Platforms.Build.0 = Release|x64
		{275CE4F0-21BE-4D5C-BC6D-7C1412258B25}.Release|Win32.ActiveCfg = Release|x86
		{275CE4F0-21BE-4D5C-BC6D-7C1412258B25}.Release|Win32.Build.0 = Release|x86
		{275CE4F0-21BE-4D5C-BC6D-7C1412258B25}.Release|x64.ActiveCfg = Release|x64
		{275CE4F0-21BE-4D5C-BC6D-7C1412258B25}.Release|x64.Build.0 = Release|x64
		{275CE4F0-21BE-4D5C-BC6D-7C1412258B25}.Release|x86.ActiveCfg = Release|x86
		{275CE4F0-21BE-4D5C-BC6D-7C1412258B25}.Release|x86.Build.0 = Release|x86
		{A1A98567-6FD8-4AE2-AEF1-84B4AEA49A89}.Debug|Mixed Platforms.ActiveCfg = Debug|x64
		{A1A98567-6FD8-4AE2-AEF1-84B4AEA49A89}.Debug|Mixed Platforms.Build.0 = Debug|x64
		{A1A98567-6FD8-4AE2-AEF1-84B4AEA49A89}.Debug|Win32.ActiveCfg = Debug|x86
		{A1A98567-6FD8-4AE2-AEF1-84B4AEA49A89}.Debug|Win32.Build.0 = Debug|x86
		{A1A98567-6FD8-4AE2-AEF1-84B4AEA49A89}.Debug|x64.ActiveCfg = Debug|x64
		{A1A98567-6FD8-4AE2-AEF1-84B4AEA49A89}.Debug|x86.ActiveCfg = Debug|x86
		{A1A98567-6FD8-4AE2-AEF1-84B4AEA49A89}.Debug|x86.Build.0 = Debug|x86
		{A1A98567-6FD8-4AE2-AEF1-84B4AEA49A89}.Release|Mixed Platforms.ActiveCfg = Release|x64
		{A1A98567-6FD8-4AE2-AEF1-84B4AEA49A89}.Release|Mixed Platforms.Build.0 = Release|x64
		{A1A98567-6FD8-4AE2-AEF1-84B4AEA49A89}.Release|Win32.ActiveCfg = Release|x86
		{A1A98567-6FD8-4AE2-AEF1-84B4AEA49A89}.Release|Win32.Build.0 = Release|x86
		{A1A98567-6FD8-4AE2-AEF1-84B4AEA49A89}.Release|x64.ActiveCfg = Release|x64
		{A1A98567-6FD8-4AE2-AEF1-84B4AEA49A89}.Release|x86.ActiveCfg = Release|x86
		{A1A98567-6FD8-4AE2-AEF1-84B4AEA49A89}.Release|x86.Build.0 = Release|x86
	EndGlobalSection
	GlobalSection(SolutionProperties) = preSolution
		HideSolutionNode = FALSE
	EndGlobalSection
EndGlobal
